
Microsoft Visual Studio Solution File, Format Version 12.00
# Visual Studio Version 17
VisualStudioVersion = 17.2.32630.192
MinimumVisualStudioVersion = 10.0.40219.1
Project("{9A19103F-16F7-4668-BE54-9A1E7A4F7556}") = "R5T.S0051", "R5T.S0051\R5T.S0051.csproj", "{6AE67A4F-01AB-427C-AF10-EDF051ED4061}"
EndProject
Project("{2150E333-8FDC-42A3-9474-1A3956D46DE8}") = "_Dependencies", "_Dependencies", "{84098A3E-5F7B-4AF9-B9D8-D991DBC46007}"
EndProject
Project("{9A19103F-16F7-4668-BE54-9A1E7A4F7556}") = "R5T.F0002", "..\..\R5T.F0002\source\R5T.F0002\R5T.F0002.csproj", "{4028B4F4-A83A-4008-B2F6-56BE6DC973D2}"
EndProject
Project("{9A19103F-16F7-4668-BE54-9A1E7A4F7556}") = "R5T.F0000", "..\..\R5T.F0000\source\R5T.F0000\R5T.F0000.csproj", "{EAF7D8C3-E4F3-40FC-94B5-CD2032F4DD13}"
EndProject
Project("{9A19103F-16F7-4668-BE54-9A1E7A4F7556}") = "R5T.T0131", "..\..\R5T.T0131\source\R5T.T0131\R5T.T0131.csproj", "{E35DAF79-DCFB-483E-BBBC-D70832091014}"
EndProject
Project("{9A19103F-16F7-4668-BE54-9A1E7A4F7556}") = "R5T.T0132", "..\..\R5T.T0132\source\R5T.T0132\R5T.T0132.csproj", "{B1004CF9-ECE2-4492-B5C8-2EF7734B9798}"
EndProject
Project("{9A19103F-16F7-4668-BE54-9A1E7A4F7556}") = "R5T.T0142", "..\..\R5T.T0142\source\R5T.T0142\R5T.T0142.csproj", "{A5AC53B4-FE10-4A3D-83DE-1E510D013443}"
EndProject
Project("{9A19103F-16F7-4668-BE54-9A1E7A4F7556}") = "R5T.T0143", "..\..\R5T.T0143\source\R5T.T0143\R5T.T0143.csproj", "{FA580413-B190-4000-9AA1-780D8D0619FF}"
EndProject
Project("{9A19103F-16F7-4668-BE54-9A1E7A4F7556}") = "R5T.Y0000", "..\..\R5T.Y0000\source\R5T.Y0000\R5T.Y0000.csproj", "{ADB1322C-6C2B-47E9-BDF6-5FB2F1D1D070}"
EndProject
Project("{9A19103F-16F7-4668-BE54-9A1E7A4F7556}") = "R5T.Z0000", "..\..\R5T.Z0000\source\R5T.Z0000\R5T.Z0000.csproj", "{9E0BD4F5-0DA2-4C9C-8B87-333308CB5DC8}"
EndProject
Project("{9A19103F-16F7-4668-BE54-9A1E7A4F7556}") = "R5T.F0020", "..\..\R5T.F0020\source\R5T.F0020\R5T.F0020.csproj", "{1BEF4C7E-C707-4601-8B77-E115420FDE9E}"
EndProject
Project("{9A19103F-16F7-4668-BE54-9A1E7A4F7556}") = "R5T.F0052", "..\..\R5T.F0052\source\R5T.F0052\R5T.F0052.csproj", "{1A682FC7-8260-40F8-BEF8-CD289E144137}"
EndProject
Project("{9A19103F-16F7-4668-BE54-9A1E7A4F7556}") = "R5T.F0034", "..\..\R5T.F0034\source\R5T.F0034\R5T.F0034.csproj", "{AC6B9E99-BFC8-467E-BFAE-E67931810F7F}"
EndProject
Project("{9A19103F-16F7-4668-BE54-9A1E7A4F7556}") = "R5T.F0081", "..\..\R5T.F0081\source\R5T.F0081\R5T.F0081.csproj", "{32A682DA-9209-44AF-9FAF-0C1F384647D9}"
EndProject
Project("{9A19103F-16F7-4668-BE54-9A1E7A4F7556}") = "R5T.F0033", "..\..\R5T.F0033\source\R5T.F0033\R5T.F0033.csproj", "{18C0CDF2-FA25-4E20-A46F-EA3D5BDDAD92}"
EndProject
Project("{9A19103F-16F7-4668-BE54-9A1E7A4F7556}") = "R5T.F0051", "..\..\R5T.F0051\source\R5T.F0051\R5T.F0051.csproj", "{A4F3D60A-8FBB-43DD-94FC-98C1E4F1B6E8}"
EndProject
Project("{9A19103F-16F7-4668-BE54-9A1E7A4F7556}") = "R5T.F0040.F000", "..\..\R5T.F0040\source\R5T.F0040.F000\R5T.F0040.F000.csproj", "{0ACE61E4-E1C3-4B26-8701-2885B8234F17}"
EndProject
Project("{9A19103F-16F7-4668-BE54-9A1E7A4F7556}") = "R5T.F0053", "..\..\R5T.F0053\source\R5T.F0053\R5T.F0053.csproj", "{C0CFA8FD-1408-481D-8046-50A45DCCE296}"
EndProject
Project("{9A19103F-16F7-4668-BE54-9A1E7A4F7556}") = "R5T.F0054", "..\..\R5T.F0054\source\R5T.F0054\R5T.F0054.csproj", "{03A80599-A794-464A-AC83-0179C7BBC02D}"
EndProject
Project("{9A19103F-16F7-4668-BE54-9A1E7A4F7556}") = "R5T.NG0006", "..\..\R5T.NG0006\source\R5T.NG0006\R5T.NG0006.csproj", "{F7DCCC71-06E4-44DA-B076-32AF3197CEA6}"
EndProject
Project("{9A19103F-16F7-4668-BE54-9A1E7A4F7556}") = "R5T.F0083", "..\..\R5T.F0083\source\R5T.F0083\R5T.F0083.csproj", "{AB41722A-8EDC-4947-8D02-D39479FA67C2}"
EndProject
Project("{9A19103F-16F7-4668-BE54-9A1E7A4F7556}") = "R5T.Z0018", "..\..\R5T.Z0018.Private\source\R5T.Z0018\R5T.Z0018.csproj", "{DAF80315-F4CA-448E-BF4A-650350858DFC}"
EndProject
Project("{9A19103F-16F7-4668-BE54-9A1E7A4F7556}") = "R5T.F0079", "..\..\R5T.F0079\source\R5T.F0079\R5T.F0079.csproj", "{4BE98485-8A0E-4A04-B8D5-554199369ED8}"
EndProject
Project("{9A19103F-16F7-4668-BE54-9A1E7A4F7556}") = "R5T.F0083.R001", "..\..\R5T.F0083\source\R5T.F0083.R001\R5T.F0083.R001.csproj", "{31C9BA0F-87BC-43AD-9C61-A3F55CCD3F5E}"
EndProject
Project("{9A19103F-16F7-4668-BE54-9A1E7A4F7556}") = "R5T.NG0009", "..\..\R5T.NG0009\source\R5T.NG0009\R5T.NG0009.csproj", "{99334435-E8CF-47BF-BCFB-DF2078D4D545}"
EndProject
Project("{9A19103F-16F7-4668-BE54-9A1E7A4F7556}") = "R5T.F0056", "..\..\R5T.F0056\source\R5T.F0056\R5T.F0056.csproj", "{F29364FB-16D9-4997-B20E-578946316B10}"
EndProject
Project("{9A19103F-16F7-4668-BE54-9A1E7A4F7556}") = "R5T.F0084", "..\..\R5T.F0084\source\R5T.F0084\R5T.F0084.csproj", "{55E9C99F-7F57-4E93-B9CB-11A4C1F94600}"
EndProject
Project("{9A19103F-16F7-4668-BE54-9A1E7A4F7556}") = "R5T.T0152", "..\..\R5T.T0152\source\R5T.T0152\R5T.T0152.csproj", "{F4FCA788-5D99-4741-90F7-0CF6283F2F0A}"
EndProject
Project("{9A19103F-16F7-4668-BE54-9A1E7A4F7556}") = "R5T.Z0020", "..\..\R5T.Z0020\source\R5T.Z0020\R5T.Z0020.csproj", "{70146006-CBC0-4F20-8EA6-0A14D2B2E515}"
EndProject
Project("{9A19103F-16F7-4668-BE54-9A1E7A4F7556}") = "R5T.F0086", "..\..\R5T.F0086\source\R5T.F0086\R5T.F0086.csproj", "{4E15FB7F-72B6-441A-8EA7-05EF8B0A9897}"
EndProject
Project("{9A19103F-16F7-4668-BE54-9A1E7A4F7556}") = "R5T.T0153.Z001", "..\..\R5T.T0153\source\R5T.T0153.Z001\R5T.T0153.Z001.csproj", "{85F5E58E-1C4D-4DB8-A8BE-05FB0CDE767F}"
EndProject
Project("{9A19103F-16F7-4668-BE54-9A1E7A4F7556}") = "R5T.F0016.F001", "..\..\R5T.F0016\source\R5T.F0016.F001\R5T.F0016.F001.csproj", "{DEF8FED1-7834-413C-97DA-BFCFD5BA7828}"
EndProject
Project("{9A19103F-16F7-4668-BE54-9A1E7A4F7556}") = "R5T.F0016", "..\..\R5T.F0016\source\R5T.F0016\R5T.F0016.csproj", "{43308051-1C0A-439E-9C70-AE7956665E64}"
EndProject
Project("{9A19103F-16F7-4668-BE54-9A1E7A4F7556}") = "R5T.F0019", "..\..\R5T.F0019\source\R5T.F0019\R5T.F0019.csproj", "{4BE8A025-517F-4F17-8CB7-A02ED5E6BD7A}"
EndProject
Project("{9A19103F-16F7-4668-BE54-9A1E7A4F7556}") = "R5T.F0024.T001", "..\..\R5T.F0024\source\R5T.F0024.T001\R5T.F0024.T001.csproj", "{7589E34E-F07C-4D20-8FAC-086A79E060CC}"
EndProject
Project("{9A19103F-16F7-4668-BE54-9A1E7A4F7556}") = "R5T.F0024", "..\..\R5T.F0024\source\R5T.F0024\R5T.F0024.csproj", "{50DDFBFE-DFA0-46FB-AAFC-B393A640D7EA}"
EndProject
Project("{9A19103F-16F7-4668-BE54-9A1E7A4F7556}") = "R5T.F0032", "..\..\R5T.F0032\source\R5T.F0032\R5T.F0032.csproj", "{8530C22C-A802-4741-BFF6-8D2D660CC4C3}"
EndProject
Project("{9A19103F-16F7-4668-BE54-9A1E7A4F7556}") = "R5T.F0041", "..\..\R5T.F0041\source\R5T.F0041\R5T.F0041.csproj", "{B5B3456F-7141-4FDF-80D2-8908B9710C02}"
EndProject
Project("{9A19103F-16F7-4668-BE54-9A1E7A4F7556}") = "R5T.F0042.F001", "..\..\R5T.F0042\source\R5T.F0042.F001\R5T.F0042.F001.csproj", "{EE8C58F3-5C2C-4366-882F-7942DB9CC128}"
EndProject
Project("{9A19103F-16F7-4668-BE54-9A1E7A4F7556}") = "R5T.F0042", "..\..\R5T.F0042\source\R5T.F0042\R5T.F0042.csproj", "{EF2FE128-880B-40C9-90B9-78AADA2A7791}"
EndProject
Project("{9A19103F-16F7-4668-BE54-9A1E7A4F7556}") = "R5T.F0044", "..\..\R5T.F0044\source\R5T.F0044\R5T.F0044.csproj", "{6122C1EA-BDFB-4168-81ED-DDC24940F003}"
EndProject
Project("{9A19103F-16F7-4668-BE54-9A1E7A4F7556}") = "R5T.F0046", "..\..\R5T.F0046\source\R5T.F0046\R5T.F0046.csproj", "{1F755470-F06F-4138-80F1-4293EBB8B76E}"
EndProject
Project("{9A19103F-16F7-4668-BE54-9A1E7A4F7556}") = "R5T.F0047", "..\..\R5T.F0047\source\R5T.F0047\R5T.F0047.csproj", "{5CCC1B8A-8193-4F03-B11E-2B72C28851FE}"
EndProject
Project("{9A19103F-16F7-4668-BE54-9A1E7A4F7556}") = "R5T.F0050", "..\..\R5T.F0050\source\R5T.F0050\R5T.F0050.csproj", "{0FB49C0B-83DF-4A59-A269-A9CF347FBFCF}"
EndProject
Project("{9A19103F-16F7-4668-BE54-9A1E7A4F7556}") = "R5T.F0057", "..\..\R5T.F0057\source\R5T.F0057\R5T.F0057.csproj", "{5C89F01F-53A4-4CEB-8520-1E337CE306E0}"
EndProject
Project("{9A19103F-16F7-4668-BE54-9A1E7A4F7556}") = "R5T.F0063.F001", "..\..\R5T.F0063\source\R5T.F0063.F001\R5T.F0063.F001.csproj", "{E6527615-BE62-43ED-A254-A0E0D317BA1F}"
EndProject
Project("{9A19103F-16F7-4668-BE54-9A1E7A4F7556}") = "R5T.F0078", "..\..\R5T.F0078\source\R5T.F0078\R5T.F0078.csproj", "{6DCAD16B-B39F-4D36-875A-E9C414F529FD}"
EndProject
Project("{9A19103F-16F7-4668-BE54-9A1E7A4F7556}") = "R5T.F0091", "..\..\R5T.F0091\source\R5T.F0091\R5T.F0091.csproj", "{E08E3541-E0BC-4E37-8293-70A3084F4EFD}"
EndProject
Project("{9A19103F-16F7-4668-BE54-9A1E7A4F7556}") = "R5T.L0001.Y000", "..\..\R5T.L0001\source\R5T.L0001.Y000\R5T.L0001.Y000.csproj", "{ED538F5E-60D3-46BE-9C1C-1FF39E319B49}"
EndProject
Project("{9A19103F-16F7-4668-BE54-9A1E7A4F7556}") = "R5T.L0001.Z000", "..\..\R5T.L0001\source\R5T.L0001.Z000\R5T.L0001.Z000.csproj", "{38912FDA-F0E4-4528-8509-3E515F9C3A1E}"
EndProject
Project("{9A19103F-16F7-4668-BE54-9A1E7A4F7556}") = "R5T.L0001", "..\..\R5T.L0001\source\R5T.L0001\R5T.L0001.csproj", "{83642ACE-7CB6-4D73-9F32-333C82A4FC20}"
EndProject
Project("{9A19103F-16F7-4668-BE54-9A1E7A4F7556}") = "R5T.NG0005", "..\..\R5T.NG0005\source\R5T.NG0005\R5T.NG0005.csproj", "{BC80DAC2-B972-46C4-A067-2041D922D265}"
EndProject
Project("{9A19103F-16F7-4668-BE54-9A1E7A4F7556}") = "R5T.NG0008", "..\..\R5T.NG0008\source\R5T.NG0008\R5T.NG0008.csproj", "{D010C26B-1FC0-4FF0-9127-1D6B6DAFAEFF}"
EndProject
Project("{9A19103F-16F7-4668-BE54-9A1E7A4F7556}") = "R5T.NG0014", "..\..\R5T.NG0014\source\R5T.NG0014\R5T.NG0014.csproj", "{69786DEE-4A52-4A85-A93A-C6F7DF4417DD}"
EndProject
Project("{9A19103F-16F7-4668-BE54-9A1E7A4F7556}") = "R5T.T0046", "..\..\R5T.T0046\source\R5T.T0046\R5T.T0046.csproj", "{3B0021B0-0000-4F1B-8309-83B9CDC6A8D5}"
EndProject
Project("{9A19103F-16F7-4668-BE54-9A1E7A4F7556}") = "R5T.T0144", "..\..\R5T.T0144\source\R5T.T0144\R5T.T0144.csproj", "{FCA07B8D-A208-45FB-864B-F89348EEE4D1}"
EndProject
Project("{9A19103F-16F7-4668-BE54-9A1E7A4F7556}") = "R5T.T0153", "..\..\R5T.T0153\source\R5T.T0153\R5T.T0153.csproj", "{08945933-4B71-4DDD-9B32-6A6642BFA61F}"
EndProject
Project("{9A19103F-16F7-4668-BE54-9A1E7A4F7556}") = "R5T.Y0004", "..\..\R5T.Y0004\source\R5T.Y0004\R5T.Y0004.csproj", "{82BF4AFC-5F17-407E-9916-483AD3BEB215}"
EndProject
Project("{9A19103F-16F7-4668-BE54-9A1E7A4F7556}") = "R5T.Z0005", "..\..\R5T.Z0005\source\R5T.Z0005\R5T.Z0005.csproj", "{E6B36B59-09D6-49EF-92C5-04065F85134D}"
EndProject
Project("{9A19103F-16F7-4668-BE54-9A1E7A4F7556}") = "R5T.Z0009", "..\..\R5T.Z0009\source\R5T.Z0009\R5T.Z0009.csproj", "{972487F2-B2FD-4A47-90F9-5E506C8C3F4A}"
EndProject
Project("{9A19103F-16F7-4668-BE54-9A1E7A4F7556}") = "R5T.Z0013", "..\..\R5T.Z0013\source\R5T.Z0013\R5T.Z0013.csproj", "{E3D8ACFD-4E67-4FB4-A648-CF0CF555BA32}"
EndProject
Project("{9A19103F-16F7-4668-BE54-9A1E7A4F7556}") = "R5T.Z0023", "..\..\R5T.Z0023\source\R5T.Z0023\R5T.Z0023.csproj", "{FAB57D11-94E3-4582-9C84-87082F079826}"
EndProject
Project("{9A19103F-16F7-4668-BE54-9A1E7A4F7556}") = "R5T.F0089", "..\..\R5T.F0089\source\R5T.F0089\R5T.F0089.csproj", "{A218C6CF-F43D-4578-81A3-C33D3BCF1A13}"
EndProject
Project("{9A19103F-16F7-4668-BE54-9A1E7A4F7556}") = "R5T.L0026", "..\..\R5T.L0026\source\R5T.L0026\R5T.L0026.csproj", "{4E66B3AC-D07F-441F-A972-1B6568384C47}"
EndProject
Project("{9A19103F-16F7-4668-BE54-9A1E7A4F7556}") = "R5T.F0094", "..\..\R5T.F0094\source\R5T.F0094\R5T.F0094.csproj", "{456DEBCB-6986-4759-8EDC-222D5FAD969F}"
EndProject
Project("{9A19103F-16F7-4668-BE54-9A1E7A4F7556}") = "F10Y.L0000", "..\..\..\Functionairy\F10Y.L0000\source\F10Y.L0000\F10Y.L0000.csproj", "{7DBCA9E9-3F49-4EC6-95C8-C9B8E8EC076A}"
EndProject
Project("{9A19103F-16F7-4668-BE54-9A1E7A4F7556}") = "F10Y.T0000", "..\..\..\Functionairy\F10Y.T0000\source\F10Y.T0000\F10Y.T0000.csproj", "{1AC69226-1A84-4094-BA02-22FE57D38978}"
EndProject
Project("{9A19103F-16F7-4668-BE54-9A1E7A4F7556}") = "F10Y.T0001", "..\..\..\Functionairy\F10Y.T0001\source\F10Y.T0001\F10Y.T0001.csproj", "{DDDEDF6D-3F02-403E-859F-A6296A10079A}"
EndProject
Project("{9A19103F-16F7-4668-BE54-9A1E7A4F7556}") = "F10Y.T0002", "..\..\..\Functionairy\F10Y.T0002\source\F10Y.T0002\F10Y.T0002.csproj", "{173126E3-053A-4A10-BC95-83B95DC669F8}"
EndProject
Project("{9A19103F-16F7-4668-BE54-9A1E7A4F7556}") = "F10Y.T0003", "..\..\..\Functionairy\F10Y.T0003\source\F10Y.T0003\F10Y.T0003.csproj", "{951BB62B-A71D-4CDB-A205-B17A59C7A5D5}"
EndProject
Project("{9A19103F-16F7-4668-BE54-9A1E7A4F7556}") = "F10Y.T0011", "..\..\..\Functionairy\F10Y.T0011\source\F10Y.T0011\F10Y.T0011.csproj", "{C0E1DC6A-5A0F-4A3D-A877-7050F5F8E16E}"
EndProject
Project("{9A19103F-16F7-4668-BE54-9A1E7A4F7556}") = "F10Y.Y0000", "..\..\..\Functionairy\F10Y.Y0000\source\F10Y.Y0000\F10Y.Y0000.csproj", "{52D1B097-6A22-41C8-944A-1D2BF93E8142}"
EndProject
Project("{9A19103F-16F7-4668-BE54-9A1E7A4F7556}") = "R5T.F0024.F001", "..\..\R5T.F0024\source\R5T.F0024.F001\R5T.F0024.F001.csproj", "{A31C3DFB-CCFC-442C-9527-DD1498DA8FFF}"
EndProject
Project("{9A19103F-16F7-4668-BE54-9A1E7A4F7556}") = "R5T.F0028", "..\..\R5T.F0028\source\R5T.F0028\R5T.F0028.csproj", "{A97A3F48-C1A1-4E40-92F9-21F345933320}"
EndProject
Project("{9A19103F-16F7-4668-BE54-9A1E7A4F7556}") = "R5T.F0033.Platform", "..\..\R5T.F0033\source\R5T.F0033.Platform\R5T.F0033.Platform.csproj", "{32EFDFBE-1DA7-4C1B-8657-0D4E5F14A4A0}"
EndProject
Project("{9A19103F-16F7-4668-BE54-9A1E7A4F7556}") = "R5T.F0034.Platform", "..\..\R5T.F0034\source\R5T.F0034.Platform\R5T.F0034.Platform.csproj", "{FF68ED06-1179-4789-9914-47E1FB098FB0}"
EndProject
Project("{9A19103F-16F7-4668-BE54-9A1E7A4F7556}") = "R5T.F0048", "..\..\R5T.F0048\source\R5T.F0048\R5T.F0048.csproj", "{6E9B2FEF-F1D7-4963-AA08-2DB2BEDE7F20}"
EndProject
Project("{9A19103F-16F7-4668-BE54-9A1E7A4F7556}") = "R5T.F0055", "..\..\R5T.F0055\source\R5T.F0055\R5T.F0055.csproj", "{D400309D-5BA8-4427-AB32-2363CC052FCA}"
EndProject
Project("{9A19103F-16F7-4668-BE54-9A1E7A4F7556}") = "R5T.F0095", "..\..\R5T.F0095\source\R5T.F0095\R5T.F0095.csproj", "{E0D0A4C3-BF0D-4A8C-A244-9E26DD104075}"
EndProject
Project("{9A19103F-16F7-4668-BE54-9A1E7A4F7556}") = "R5T.F0120", "..\..\R5T.F0120\source\R5T.F0120\R5T.F0120.csproj", "{943ADCFB-4116-4B87-9436-57C10419E985}"
EndProject
Project("{9A19103F-16F7-4668-BE54-9A1E7A4F7556}") = "R5T.F0124", "..\..\R5T.F0124\source\R5T.F0124\R5T.F0124.csproj", "{B4393297-F68F-41FC-94CE-B48E7A86066C}"
EndProject
Project("{9A19103F-16F7-4668-BE54-9A1E7A4F7556}") = "R5T.F0144", "..\..\R5T.F0144\source\R5T.F0144\R5T.F0144.csproj", "{C4AC1115-AB25-4515-A2A7-F91D31D925EA}"
EndProject
Project("{9A19103F-16F7-4668-BE54-9A1E7A4F7556}") = "R5T.L0026.T000", "..\..\R5T.L0026\source\R5T.L0026.T000\R5T.L0026.T000.csproj", "{B826B35B-CD76-4B24-9EF7-85D4BE5DC3A7}"
EndProject
Project("{9A19103F-16F7-4668-BE54-9A1E7A4F7556}") = "R5T.L0053", "..\..\R5T.L0053\source\R5T.L0053\R5T.L0053.csproj", "{17562EA7-05E0-44F6-95B1-5A9A32F45996}"
EndProject
Project("{9A19103F-16F7-4668-BE54-9A1E7A4F7556}") = "R5T.L0066", "..\..\R5T.L0066\source\R5T.L0066\R5T.L0066.csproj", "{D263A415-517F-44BF-BC98-D654C7203F1A}"
EndProject
Project("{9A19103F-16F7-4668-BE54-9A1E7A4F7556}") = "R5T.L0071", "..\..\R5T.L0071\source\R5T.L0071\R5T.L0071.csproj", "{EE0618A2-9405-4D82-9590-8819828A3A54}"
EndProject
Project("{9A19103F-16F7-4668-BE54-9A1E7A4F7556}") = "R5T.L0072", "..\..\R5T.L0072\source\R5T.L0072\R5T.L0072.csproj", "{5F943F3E-9A00-46EC-A95F-F644C1AF8357}"
EndProject
Project("{9A19103F-16F7-4668-BE54-9A1E7A4F7556}") = "R5T.L0083.F001", "..\..\R5T.L0083\source\R5T.L0083.F001\R5T.L0083.F001.csproj", "{E1063137-EC2E-4C29-82F4-8BD7857EBBEC}"
EndProject
Project("{9A19103F-16F7-4668-BE54-9A1E7A4F7556}") = "R5T.L0089.F000", "..\..\R5T.L0089\source\R5T.L0089.F000\R5T.L0089.F000.csproj", "{E5CF9484-CCDF-4ABF-8B16-1577BDF602C9}"
EndProject
Project("{9A19103F-16F7-4668-BE54-9A1E7A4F7556}") = "R5T.L0089.T000", "..\..\R5T.L0089\source\R5T.L0089.T000\R5T.L0089.T000.csproj", "{57F56B8D-7B01-4324-8E5F-82207C8D9C83}"
EndProject
Project("{9A19103F-16F7-4668-BE54-9A1E7A4F7556}") = "R5T.L0089", "..\..\R5T.L0089\source\R5T.L0089\R5T.L0089.csproj", "{1149E362-A234-46D3-A02C-81C965265337}"
EndProject
Project("{9A19103F-16F7-4668-BE54-9A1E7A4F7556}") = "R5T.NG0002", "..\..\R5T.NG0002\source\R5T.NG0002\R5T.NG0002.csproj", "{BDED659A-C1C2-41AC-BF0A-8D57387B5072}"
EndProject
Project("{9A19103F-16F7-4668-BE54-9A1E7A4F7556}") = "R5T.NG0022", "..\..\R5T.NG0022\source\R5T.NG0022\R5T.NG0022.csproj", "{5C538CCE-F403-46CA-9E6B-AC7F9469E7C8}"
EndProject
Project("{9A19103F-16F7-4668-BE54-9A1E7A4F7556}") = "R5T.NG0023", "..\..\R5T.NG0023\source\R5T.NG0023\R5T.NG0023.csproj", "{7E417A1E-3EBC-4885-AC6E-664A81C174F8}"
EndProject
Project("{9A19103F-16F7-4668-BE54-9A1E7A4F7556}") = "R5T.NG0024", "..\..\R5T.NG0024\source\R5T.NG0024\R5T.NG0024.csproj", "{6039DFF2-2490-4668-BAE1-567105C6D71A}"
EndProject
Project("{9A19103F-16F7-4668-BE54-9A1E7A4F7556}") = "R5T.T0154", "..\..\R5T.T0154\source\R5T.T0154\R5T.T0154.csproj", "{44426AD0-E86E-4776-B356-965EB76E6350}"
EndProject
Project("{9A19103F-16F7-4668-BE54-9A1E7A4F7556}") = "R5T.T0156", "..\..\R5T.T0156\source\R5T.T0156\R5T.T0156.csproj", "{E014AB65-4660-4DEA-9B97-E2C5A5EF6C18}"
EndProject
Project("{9A19103F-16F7-4668-BE54-9A1E7A4F7556}") = "R5T.T0174", "..\..\R5T.T0174\source\R5T.T0174\R5T.T0174.csproj", "{F4218479-205A-44B1-9E5C-2FC4BA7C4A0E}"
EndProject
Project("{9A19103F-16F7-4668-BE54-9A1E7A4F7556}") = "R5T.T0176", "..\..\R5T.T0176\source\R5T.T0176\R5T.T0176.csproj", "{6C23ADD5-305E-40DB-A787-DB2CA24B7E87}"
EndProject
Project("{9A19103F-16F7-4668-BE54-9A1E7A4F7556}") = "R5T.T0177", "..\..\R5T.T0177\source\R5T.T0177\R5T.T0177.csproj", "{AABC32EE-BA88-4DBC-B5BD-50A597D1F9F2}"
EndProject
Project("{9A19103F-16F7-4668-BE54-9A1E7A4F7556}") = "R5T.T0178", "..\..\R5T.T0178\source\R5T.T0178\R5T.T0178.csproj", "{ECA35A7C-7151-446F-A10F-BAAA8EF2C2E7}"
EndProject
Project("{9A19103F-16F7-4668-BE54-9A1E7A4F7556}") = "R5T.T0179", "..\..\R5T.T0179\source\R5T.T0179\R5T.T0179.csproj", "{9225B0EE-0DB7-454D-814C-078D69E5AD0A}"
EndProject
Project("{9A19103F-16F7-4668-BE54-9A1E7A4F7556}") = "R5T.T0180", "..\..\R5T.T0180\source\R5T.T0180\R5T.T0180.csproj", "{B1D1AF40-0B14-47E2-9863-5461FD58B73C}"
EndProject
Project("{9A19103F-16F7-4668-BE54-9A1E7A4F7556}") = "R5T.T0181", "..\..\R5T.T0181\source\R5T.T0181\R5T.T0181.csproj", "{D5145BA1-E1C5-4C02-88F2-BD4A7B1588DA}"
EndProject
Project("{9A19103F-16F7-4668-BE54-9A1E7A4F7556}") = "R5T.T0185", "..\..\R5T.T0185\source\R5T.T0185\R5T.T0185.csproj", "{196FB077-576D-4D7A-ADD0-D03935D06F98}"
EndProject
Project("{9A19103F-16F7-4668-BE54-9A1E7A4F7556}") = "R5T.T0188", "..\..\R5T.T0188\source\R5T.T0188\R5T.T0188.csproj", "{D859D648-C24C-408E-A413-28D0D7728EA0}"
EndProject
Project("{9A19103F-16F7-4668-BE54-9A1E7A4F7556}") = "R5T.T0199.T000", "..\..\R5T.T0199\source\R5T.T0199.T000\R5T.T0199.T000.csproj", "{54D4BF29-5B48-4B86-99DA-11864423C1CA}"
EndProject
Project("{9A19103F-16F7-4668-BE54-9A1E7A4F7556}") = "R5T.T0199.T001", "..\..\R5T.T0199\source\R5T.T0199.T001\R5T.T0199.T001.csproj", "{CDF45C18-30D4-49F3-9C2B-09B95E299F82}"
EndProject
Project("{9A19103F-16F7-4668-BE54-9A1E7A4F7556}") = "R5T.T0199", "..\..\R5T.T0199\source\R5T.T0199\R5T.T0199.csproj", "{F7ED1AC1-3133-48F5-9CE5-7724F8E4E3AC}"
EndProject
Project("{9A19103F-16F7-4668-BE54-9A1E7A4F7556}") = "R5T.T0209", "..\..\R5T.T0209\source\R5T.T0209\R5T.T0209.csproj", "{3B99EB3D-96A4-4A3D-BCAD-FA9C53A006F0}"
EndProject
Project("{9A19103F-16F7-4668-BE54-9A1E7A4F7556}") = "R5T.T0220", "..\..\R5T.T0220\source\R5T.T0220\R5T.T0220.csproj", "{738AED4A-C5E9-4D3C-BF00-5027508A7B09}"
EndProject
Project("{9A19103F-16F7-4668-BE54-9A1E7A4F7556}") = "R5T.T0221", "..\..\R5T.T0221\source\R5T.T0221\R5T.T0221.csproj", "{FDE4EA3F-1DA7-40F6-AE83-ABF4C5AD80A2}"
EndProject
Project("{9A19103F-16F7-4668-BE54-9A1E7A4F7556}") = "R5T.T0240", "..\..\R5T.T0240\source\R5T.T0240\R5T.T0240.csproj", "{1AED8BC7-A011-4B0E-953A-38042C508F6E}"
EndProject
Project("{9A19103F-16F7-4668-BE54-9A1E7A4F7556}") = "R5T.T0241", "..\..\R5T.T0241\source\R5T.T0241\R5T.T0241.csproj", "{38B6AA1C-0E9A-4B3A-91ED-3CCFAB19E3FE}"
EndProject
Project("{9A19103F-16F7-4668-BE54-9A1E7A4F7556}") = "R5T.T0252", "..\..\R5T.T0252\source\R5T.T0252\R5T.T0252.csproj", "{F30C68B3-05D3-42DA-B31E-96157C3B95AE}"
EndProject
Project("{9A19103F-16F7-4668-BE54-9A1E7A4F7556}") = "R5T.Y0006", "..\..\R5T.Y0006\source\R5T.Y0006\R5T.Y0006.csproj", "{B41D6F8E-5D51-4423-A6AA-1D7A157644B4}"
EndProject
Project("{9A19103F-16F7-4668-BE54-9A1E7A4F7556}") = "R5T.Z0006", "..\..\R5T.Z0006\source\R5T.Z0006\R5T.Z0006.csproj", "{979B7BCB-A450-4233-AF8E-4C304BB8A079}"
EndProject
Project("{9A19103F-16F7-4668-BE54-9A1E7A4F7556}") = "R5T.Z0007", "..\..\R5T.Z0007\source\R5T.Z0007\R5T.Z0007.csproj", "{15BB989E-C3AF-4C96-BC00-7C75C725AE5E}"
EndProject
Project("{9A19103F-16F7-4668-BE54-9A1E7A4F7556}") = "R5T.Z0036.Z000", "..\..\R5T.Z0036\source\R5T.Z0036.Z000\R5T.Z0036.Z000.csproj", "{117B669F-023A-4943-ABB4-549793C9640D}"
EndProject
Project("{9A19103F-16F7-4668-BE54-9A1E7A4F7556}") = "R5T.Z0036", "..\..\R5T.Z0036\source\R5T.Z0036\R5T.Z0036.csproj", "{E891721E-C78E-4621-B53B-313A2F858BD5}"
EndProject
Project("{9A19103F-16F7-4668-BE54-9A1E7A4F7556}") = "R5T.Z0070.Z000", "..\..\R5T.Z0070\source\R5T.Z0070.Z000\R5T.Z0070.Z000.csproj", "{290D9BC3-C19B-4B2F-8FC2-EF2D18C74580}"
EndProject
Project("{9A19103F-16F7-4668-BE54-9A1E7A4F7556}") = "R5T.Z0071.Z000", "..\..\R5T.Z0071\source\R5T.Z0071.Z000\R5T.Z0071.Z000.csproj", "{0F0EC624-6083-415A-9CC2-261F25D36691}"
EndProject
Project("{9A19103F-16F7-4668-BE54-9A1E7A4F7556}") = "R5T.Z0071.Z002", "..\..\R5T.Z0071\source\R5T.Z0071.Z002\R5T.Z0071.Z002.csproj", "{EA5C591E-F23A-40B7-935C-54596883F16C}"
EndProject
Project("{9A19103F-16F7-4668-BE54-9A1E7A4F7556}") = "R5T.Z0072.Z000", "..\..\R5T.Z0072\source\R5T.Z0072.Z000\R5T.Z0072.Z000.csproj", "{D7E981E5-B604-4D3E-B6B5-74D91CC24A2E}"
EndProject
Project("{9A19103F-16F7-4668-BE54-9A1E7A4F7556}") = "R5T.Z0072.Z002", "..\..\R5T.Z0072\source\R5T.Z0072.Z002\R5T.Z0072.Z002.csproj", "{B2A95F58-7C9E-49F8-99FD-173473596C1A}"
EndProject
Project("{9A19103F-16F7-4668-BE54-9A1E7A4F7556}") = "R5T.Z0073.Z000", "..\..\R5T.Z0073\source\R5T.Z0073.Z000\R5T.Z0073.Z000.csproj", "{C3B5937D-D263-430C-92FD-22663C81B295}"
EndProject
Global
	GlobalSection(NestedProjects) = preSolution
		{4028B4F4-A83A-4008-B2F6-56BE6DC973D2} = {84098A3E-5F7B-4AF9-B9D8-D991DBC46007}
		{EAF7D8C3-E4F3-40FC-94B5-CD2032F4DD13} = {84098A3E-5F7B-4AF9-B9D8-D991DBC46007}
		{E35DAF79-DCFB-483E-BBBC-D70832091014} = {84098A3E-5F7B-4AF9-B9D8-D991DBC46007}
		{B1004CF9-ECE2-4492-B5C8-2EF7734B9798} = {84098A3E-5F7B-4AF9-B9D8-D991DBC46007}
		{A5AC53B4-FE10-4A3D-83DE-1E510D013443} = {84098A3E-5F7B-4AF9-B9D8-D991DBC46007}
		{FA580413-B190-4000-9AA1-780D8D0619FF} = {84098A3E-5F7B-4AF9-B9D8-D991DBC46007}
		{ADB1322C-6C2B-47E9-BDF6-5FB2F1D1D070} = {84098A3E-5F7B-4AF9-B9D8-D991DBC46007}
		{9E0BD4F5-0DA2-4C9C-8B87-333308CB5DC8} = {84098A3E-5F7B-4AF9-B9D8-D991DBC46007}
		{1BEF4C7E-C707-4601-8B77-E115420FDE9E} = {84098A3E-5F7B-4AF9-B9D8-D991DBC46007}
		{1A682FC7-8260-40F8-BEF8-CD289E144137} = {84098A3E-5F7B-4AF9-B9D8-D991DBC46007}
		{AC6B9E99-BFC8-467E-BFAE-E67931810F7F} = {84098A3E-5F7B-4AF9-B9D8-D991DBC46007}
		{32A682DA-9209-44AF-9FAF-0C1F384647D9} = {84098A3E-5F7B-4AF9-B9D8-D991DBC46007}
		{18C0CDF2-FA25-4E20-A46F-EA3D5BDDAD92} = {84098A3E-5F7B-4AF9-B9D8-D991DBC46007}
		{A4F3D60A-8FBB-43DD-94FC-98C1E4F1B6E8} = {84098A3E-5F7B-4AF9-B9D8-D991DBC46007}
		{0ACE61E4-E1C3-4B26-8701-2885B8234F17} = {84098A3E-5F7B-4AF9-B9D8-D991DBC46007}
		{C0CFA8FD-1408-481D-8046-50A45DCCE296} = {84098A3E-5F7B-4AF9-B9D8-D991DBC46007}
		{03A80599-A794-464A-AC83-0179C7BBC02D} = {84098A3E-5F7B-4AF9-B9D8-D991DBC46007}
		{F7DCCC71-06E4-44DA-B076-32AF3197CEA6} = {84098A3E-5F7B-4AF9-B9D8-D991DBC46007}
		{AB41722A-8EDC-4947-8D02-D39479FA67C2} = {84098A3E-5F7B-4AF9-B9D8-D991DBC46007}
		{DAF80315-F4CA-448E-BF4A-650350858DFC} = {84098A3E-5F7B-4AF9-B9D8-D991DBC46007}
		{4BE98485-8A0E-4A04-B8D5-554199369ED8} = {84098A3E-5F7B-4AF9-B9D8-D991DBC46007}
		{31C9BA0F-87BC-43AD-9C61-A3F55CCD3F5E} = {84098A3E-5F7B-4AF9-B9D8-D991DBC46007}
		{99334435-E8CF-47BF-BCFB-DF2078D4D545} = {84098A3E-5F7B-4AF9-B9D8-D991DBC46007}
		{F29364FB-16D9-4997-B20E-578946316B10} = {84098A3E-5F7B-4AF9-B9D8-D991DBC46007}
		{55E9C99F-7F57-4E93-B9CB-11A4C1F94600} = {84098A3E-5F7B-4AF9-B9D8-D991DBC46007}
		{F4FCA788-5D99-4741-90F7-0CF6283F2F0A} = {84098A3E-5F7B-4AF9-B9D8-D991DBC46007}
		{70146006-CBC0-4F20-8EA6-0A14D2B2E515} = {84098A3E-5F7B-4AF9-B9D8-D991DBC46007}
		{4E15FB7F-72B6-441A-8EA7-05EF8B0A9897} = {84098A3E-5F7B-4AF9-B9D8-D991DBC46007}
		{85F5E58E-1C4D-4DB8-A8BE-05FB0CDE767F} = {84098A3E-5F7B-4AF9-B9D8-D991DBC46007}
		{DEF8FED1-7834-413C-97DA-BFCFD5BA7828} = {84098A3E-5F7B-4AF9-B9D8-D991DBC46007}
		{43308051-1C0A-439E-9C70-AE7956665E64} = {84098A3E-5F7B-4AF9-B9D8-D991DBC46007}
		{4BE8A025-517F-4F17-8CB7-A02ED5E6BD7A} = {84098A3E-5F7B-4AF9-B9D8-D991DBC46007}
		{7589E34E-F07C-4D20-8FAC-086A79E060CC} = {84098A3E-5F7B-4AF9-B9D8-D991DBC46007}
		{50DDFBFE-DFA0-46FB-AAFC-B393A640D7EA} = {84098A3E-5F7B-4AF9-B9D8-D991DBC46007}
		{8530C22C-A802-4741-BFF6-8D2D660CC4C3} = {84098A3E-5F7B-4AF9-B9D8-D991DBC46007}
		{B5B3456F-7141-4FDF-80D2-8908B9710C02} = {84098A3E-5F7B-4AF9-B9D8-D991DBC46007}
		{EE8C58F3-5C2C-4366-882F-7942DB9CC128} = {84098A3E-5F7B-4AF9-B9D8-D991DBC46007}
		{EF2FE128-880B-40C9-90B9-78AADA2A7791} = {84098A3E-5F7B-4AF9-B9D8-D991DBC46007}
		{6122C1EA-BDFB-4168-81ED-DDC24940F003} = {84098A3E-5F7B-4AF9-B9D8-D991DBC46007}
		{1F755470-F06F-4138-80F1-4293EBB8B76E} = {84098A3E-5F7B-4AF9-B9D8-D991DBC46007}
		{5CCC1B8A-8193-4F03-B11E-2B72C28851FE} = {84098A3E-5F7B-4AF9-B9D8-D991DBC46007}
		{0FB49C0B-83DF-4A59-A269-A9CF347FBFCF} = {84098A3E-5F7B-4AF9-B9D8-D991DBC46007}
		{5C89F01F-53A4-4CEB-8520-1E337CE306E0} = {84098A3E-5F7B-4AF9-B9D8-D991DBC46007}
		{E6527615-BE62-43ED-A254-A0E0D317BA1F} = {84098A3E-5F7B-4AF9-B9D8-D991DBC46007}
		{6DCAD16B-B39F-4D36-875A-E9C414F529FD} = {84098A3E-5F7B-4AF9-B9D8-D991DBC46007}
		{E08E3541-E0BC-4E37-8293-70A3084F4EFD} = {84098A3E-5F7B-4AF9-B9D8-D991DBC46007}
		{ED538F5E-60D3-46BE-9C1C-1FF39E319B49} = {84098A3E-5F7B-4AF9-B9D8-D991DBC46007}
		{38912FDA-F0E4-4528-8509-3E515F9C3A1E} = {84098A3E-5F7B-4AF9-B9D8-D991DBC46007}
		{83642ACE-7CB6-4D73-9F32-333C82A4FC20} = {84098A3E-5F7B-4AF9-B9D8-D991DBC46007}
		{BC80DAC2-B972-46C4-A067-2041D922D265} = {84098A3E-5F7B-4AF9-B9D8-D991DBC46007}
		{D010C26B-1FC0-4FF0-9127-1D6B6DAFAEFF} = {84098A3E-5F7B-4AF9-B9D8-D991DBC46007}
		{69786DEE-4A52-4A85-A93A-C6F7DF4417DD} = {84098A3E-5F7B-4AF9-B9D8-D991DBC46007}
		{3B0021B0-0000-4F1B-8309-83B9CDC6A8D5} = {84098A3E-5F7B-4AF9-B9D8-D991DBC46007}
		{FCA07B8D-A208-45FB-864B-F89348EEE4D1} = {84098A3E-5F7B-4AF9-B9D8-D991DBC46007}
		{08945933-4B71-4DDD-9B32-6A6642BFA61F} = {84098A3E-5F7B-4AF9-B9D8-D991DBC46007}
		{82BF4AFC-5F17-407E-9916-483AD3BEB215} = {84098A3E-5F7B-4AF9-B9D8-D991DBC46007}
		{E6B36B59-09D6-49EF-92C5-04065F85134D} = {84098A3E-5F7B-4AF9-B9D8-D991DBC46007}
		{972487F2-B2FD-4A47-90F9-5E506C8C3F4A} = {84098A3E-5F7B-4AF9-B9D8-D991DBC46007}
		{E3D8ACFD-4E67-4FB4-A648-CF0CF555BA32} = {84098A3E-5F7B-4AF9-B9D8-D991DBC46007}
		{FAB57D11-94E3-4582-9C84-87082F079826} = {84098A3E-5F7B-4AF9-B9D8-D991DBC46007}
		{A218C6CF-F43D-4578-81A3-C33D3BCF1A13} = {84098A3E-5F7B-4AF9-B9D8-D991DBC46007}
		{4E66B3AC-D07F-441F-A972-1B6568384C47} = {84098A3E-5F7B-4AF9-B9D8-D991DBC46007}
		{456DEBCB-6986-4759-8EDC-222D5FAD969F} = {84098A3E-5F7B-4AF9-B9D8-D991DBC46007}
		{7DBCA9E9-3F49-4EC6-95C8-C9B8E8EC076A} = {84098A3E-5F7B-4AF9-B9D8-D991DBC46007}
		{1AC69226-1A84-4094-BA02-22FE57D38978} = {84098A3E-5F7B-4AF9-B9D8-D991DBC46007}
		{DDDEDF6D-3F02-403E-859F-A6296A10079A} = {84098A3E-5F7B-4AF9-B9D8-D991DBC46007}
		{173126E3-053A-4A10-BC95-83B95DC669F8} = {84098A3E-5F7B-4AF9-B9D8-D991DBC46007}
		{951BB62B-A71D-4CDB-A205-B17A59C7A5D5} = {84098A3E-5F7B-4AF9-B9D8-D991DBC46007}
		{C0E1DC6A-5A0F-4A3D-A877-7050F5F8E16E} = {84098A3E-5F7B-4AF9-B9D8-D991DBC46007}
		{52D1B097-6A22-41C8-944A-1D2BF93E8142} = {84098A3E-5F7B-4AF9-B9D8-D991DBC46007}
		{A31C3DFB-CCFC-442C-9527-DD1498DA8FFF} = {84098A3E-5F7B-4AF9-B9D8-D991DBC46007}
		{A97A3F48-C1A1-4E40-92F9-21F345933320} = {84098A3E-5F7B-4AF9-B9D8-D991DBC46007}
		{32EFDFBE-1DA7-4C1B-8657-0D4E5F14A4A0} = {84098A3E-5F7B-4AF9-B9D8-D991DBC46007}
		{FF68ED06-1179-4789-9914-47E1FB098FB0} = {84098A3E-5F7B-4AF9-B9D8-D991DBC46007}
		{6E9B2FEF-F1D7-4963-AA08-2DB2BEDE7F20} = {84098A3E-5F7B-4AF9-B9D8-D991DBC46007}
		{D400309D-5BA8-4427-AB32-2363CC052FCA} = {84098A3E-5F7B-4AF9-B9D8-D991DBC46007}
		{E0D0A4C3-BF0D-4A8C-A244-9E26DD104075} = {84098A3E-5F7B-4AF9-B9D8-D991DBC46007}
		{943ADCFB-4116-4B87-9436-57C10419E985} = {84098A3E-5F7B-4AF9-B9D8-D991DBC46007}
		{B4393297-F68F-41FC-94CE-B48E7A86066C} = {84098A3E-5F7B-4AF9-B9D8-D991DBC46007}
		{C4AC1115-AB25-4515-A2A7-F91D31D925EA} = {84098A3E-5F7B-4AF9-B9D8-D991DBC46007}
		{B826B35B-CD76-4B24-9EF7-85D4BE5DC3A7} = {84098A3E-5F7B-4AF9-B9D8-D991DBC46007}
		{17562EA7-05E0-44F6-95B1-5A9A32F45996} = {84098A3E-5F7B-4AF9-B9D8-D991DBC46007}
		{D263A415-517F-44BF-BC98-D654C7203F1A} = {84098A3E-5F7B-4AF9-B9D8-D991DBC46007}
		{EE0618A2-9405-4D82-9590-8819828A3A54} = {84098A3E-5F7B-4AF9-B9D8-D991DBC46007}
		{5F943F3E-9A00-46EC-A95F-F644C1AF8357} = {84098A3E-5F7B-4AF9-B9D8-D991DBC46007}
		{E1063137-EC2E-4C29-82F4-8BD7857EBBEC} = {84098A3E-5F7B-4AF9-B9D8-D991DBC46007}
		{E5CF9484-CCDF-4ABF-8B16-1577BDF602C9} = {84098A3E-5F7B-4AF9-B9D8-D991DBC46007}
		{57F56B8D-7B01-4324-8E5F-82207C8D9C83} = {84098A3E-5F7B-4AF9-B9D8-D991DBC46007}
		{1149E362-A234-46D3-A02C-81C965265337} = {84098A3E-5F7B-4AF9-B9D8-D991DBC46007}
		{BDED659A-C1C2-41AC-BF0A-8D57387B5072} = {84098A3E-5F7B-4AF9-B9D8-D991DBC46007}
		{5C538CCE-F403-46CA-9E6B-AC7F9469E7C8} = {84098A3E-5F7B-4AF9-B9D8-D991DBC46007}
		{7E417A1E-3EBC-4885-AC6E-664A81C174F8} = {84098A3E-5F7B-4AF9-B9D8-D991DBC46007}
		{6039DFF2-2490-4668-BAE1-567105C6D71A} = {84098A3E-5F7B-4AF9-B9D8-D991DBC46007}
		{44426AD0-E86E-4776-B356-965EB76E6350} = {84098A3E-5F7B-4AF9-B9D8-D991DBC46007}
		{E014AB65-4660-4DEA-9B97-E2C5A5EF6C18} = {84098A3E-5F7B-4AF9-B9D8-D991DBC46007}
		{F4218479-205A-44B1-9E5C-2FC4BA7C4A0E} = {84098A3E-5F7B-4AF9-B9D8-D991DBC46007}
		{6C23ADD5-305E-40DB-A787-DB2CA24B7E87} = {84098A3E-5F7B-4AF9-B9D8-D991DBC46007}
		{AABC32EE-BA88-4DBC-B5BD-50A597D1F9F2} = {84098A3E-5F7B-4AF9-B9D8-D991DBC46007}
		{ECA35A7C-7151-446F-A10F-BAAA8EF2C2E7} = {84098A3E-5F7B-4AF9-B9D8-D991DBC46007}
		{9225B0EE-0DB7-454D-814C-078D69E5AD0A} = {84098A3E-5F7B-4AF9-B9D8-D991DBC46007}
		{B1D1AF40-0B14-47E2-9863-5461FD58B73C} = {84098A3E-5F7B-4AF9-B9D8-D991DBC46007}
		{D5145BA1-E1C5-4C02-88F2-BD4A7B1588DA} = {84098A3E-5F7B-4AF9-B9D8-D991DBC46007}
		{196FB077-576D-4D7A-ADD0-D03935D06F98} = {84098A3E-5F7B-4AF9-B9D8-D991DBC46007}
		{D859D648-C24C-408E-A413-28D0D7728EA0} = {84098A3E-5F7B-4AF9-B9D8-D991DBC46007}
		{54D4BF29-5B48-4B86-99DA-11864423C1CA} = {84098A3E-5F7B-4AF9-B9D8-D991DBC46007}
		{CDF45C18-30D4-49F3-9C2B-09B95E299F82} = {84098A3E-5F7B-4AF9-B9D8-D991DBC46007}
		{F7ED1AC1-3133-48F5-9CE5-7724F8E4E3AC} = {84098A3E-5F7B-4AF9-B9D8-D991DBC46007}
		{3B99EB3D-96A4-4A3D-BCAD-FA9C53A006F0} = {84098A3E-5F7B-4AF9-B9D8-D991DBC46007}
		{738AED4A-C5E9-4D3C-BF00-5027508A7B09} = {84098A3E-5F7B-4AF9-B9D8-D991DBC46007}
		{FDE4EA3F-1DA7-40F6-AE83-ABF4C5AD80A2} = {84098A3E-5F7B-4AF9-B9D8-D991DBC46007}
		{1AED8BC7-A011-4B0E-953A-38042C508F6E} = {84098A3E-5F7B-4AF9-B9D8-D991DBC46007}
		{38B6AA1C-0E9A-4B3A-91ED-3CCFAB19E3FE} = {84098A3E-5F7B-4AF9-B9D8-D991DBC46007}
		{F30C68B3-05D3-42DA-B31E-96157C3B95AE} = {84098A3E-5F7B-4AF9-B9D8-D991DBC46007}
		{B41D6F8E-5D51-4423-A6AA-1D7A157644B4} = {84098A3E-5F7B-4AF9-B9D8-D991DBC46007}
		{979B7BCB-A450-4233-AF8E-4C304BB8A079} = {84098A3E-5F7B-4AF9-B9D8-D991DBC46007}
		{15BB989E-C3AF-4C96-BC00-7C75C725AE5E} = {84098A3E-5F7B-4AF9-B9D8-D991DBC46007}
		{117B669F-023A-4943-ABB4-549793C9640D} = {84098A3E-5F7B-4AF9-B9D8-D991DBC46007}
		{E891721E-C78E-4621-B53B-313A2F858BD5} = {84098A3E-5F7B-4AF9-B9D8-D991DBC46007}
		{290D9BC3-C19B-4B2F-8FC2-EF2D18C74580} = {84098A3E-5F7B-4AF9-B9D8-D991DBC46007}
		{0F0EC624-6083-415A-9CC2-261F25D36691} = {84098A3E-5F7B-4AF9-B9D8-D991DBC46007}
		{EA5C591E-F23A-40B7-935C-54596883F16C} = {84098A3E-5F7B-4AF9-B9D8-D991DBC46007}
		{D7E981E5-B604-4D3E-B6B5-74D91CC24A2E} = {84098A3E-5F7B-4AF9-B9D8-D991DBC46007}
		{B2A95F58-7C9E-49F8-99FD-173473596C1A} = {84098A3E-5F7B-4AF9-B9D8-D991DBC46007}
		{C3B5937D-D263-430C-92FD-22663C81B295} = {84098A3E-5F7B-4AF9-B9D8-D991DBC46007}
	EndGlobalSection
	GlobalSection(SolutionConfigurationPlatforms) = preSolution
		Debug|Any CPU = Debug|Any CPU
		Release|Any CPU = Release|Any CPU
	EndGlobalSection
	GlobalSection(ProjectConfigurationPlatforms) = postSolution
		{6AE67A4F-01AB-427C-AF10-EDF051ED4061}.Debug|Any CPU.ActiveCfg = Debug|Any CPU
		{6AE67A4F-01AB-427C-AF10-EDF051ED4061}.Debug|Any CPU.Build.0 = Debug|Any CPU
		{6AE67A4F-01AB-427C-AF10-EDF051ED4061}.Release|Any CPU.ActiveCfg = Release|Any CPU
		{6AE67A4F-01AB-427C-AF10-EDF051ED4061}.Release|Any CPU.Build.0 = Release|Any CPU
		{4028B4F4-A83A-4008-B2F6-56BE6DC973D2}.Debug|Any CPU.ActiveCfg = Debug|Any CPU
		{4028B4F4-A83A-4008-B2F6-56BE6DC973D2}.Debug|Any CPU.Build.0 = Debug|Any CPU
		{4028B4F4-A83A-4008-B2F6-56BE6DC973D2}.Release|Any CPU.ActiveCfg = Release|Any CPU
		{4028B4F4-A83A-4008-B2F6-56BE6DC973D2}.Release|Any CPU.Build.0 = Release|Any CPU
		{EAF7D8C3-E4F3-40FC-94B5-CD2032F4DD13}.Debug|Any CPU.ActiveCfg = Debug|Any CPU
		{EAF7D8C3-E4F3-40FC-94B5-CD2032F4DD13}.Debug|Any CPU.Build.0 = Debug|Any CPU
		{EAF7D8C3-E4F3-40FC-94B5-CD2032F4DD13}.Release|Any CPU.ActiveCfg = Release|Any CPU
		{EAF7D8C3-E4F3-40FC-94B5-CD2032F4DD13}.Release|Any CPU.Build.0 = Release|Any CPU
		{E35DAF79-DCFB-483E-BBBC-D70832091014}.Debug|Any CPU.ActiveCfg = Debug|Any CPU
		{E35DAF79-DCFB-483E-BBBC-D70832091014}.Debug|Any CPU.Build.0 = Debug|Any CPU
		{E35DAF79-DCFB-483E-BBBC-D70832091014}.Release|Any CPU.ActiveCfg = Release|Any CPU
		{E35DAF79-DCFB-483E-BBBC-D70832091014}.Release|Any CPU.Build.0 = Release|Any CPU
		{B1004CF9-ECE2-4492-B5C8-2EF7734B9798}.Debug|Any CPU.ActiveCfg = Debug|Any CPU
		{B1004CF9-ECE2-4492-B5C8-2EF7734B9798}.Debug|Any CPU.Build.0 = Debug|Any CPU
		{B1004CF9-ECE2-4492-B5C8-2EF7734B9798}.Release|Any CPU.ActiveCfg = Release|Any CPU
		{B1004CF9-ECE2-4492-B5C8-2EF7734B9798}.Release|Any CPU.Build.0 = Release|Any CPU
		{A5AC53B4-FE10-4A3D-83DE-1E510D013443}.Debug|Any CPU.ActiveCfg = Debug|Any CPU
		{A5AC53B4-FE10-4A3D-83DE-1E510D013443}.Debug|Any CPU.Build.0 = Debug|Any CPU
		{A5AC53B4-FE10-4A3D-83DE-1E510D013443}.Release|Any CPU.ActiveCfg = Release|Any CPU
		{A5AC53B4-FE10-4A3D-83DE-1E510D013443}.Release|Any CPU.Build.0 = Release|Any CPU
		{FA580413-B190-4000-9AA1-780D8D0619FF}.Debug|Any CPU.ActiveCfg = Debug|Any CPU
		{FA580413-B190-4000-9AA1-780D8D0619FF}.Debug|Any CPU.Build.0 = Debug|Any CPU
		{FA580413-B190-4000-9AA1-780D8D0619FF}.Release|Any CPU.ActiveCfg = Release|Any CPU
		{FA580413-B190-4000-9AA1-780D8D0619FF}.Release|Any CPU.Build.0 = Release|Any CPU
		{ADB1322C-6C2B-47E9-BDF6-5FB2F1D1D070}.Debug|Any CPU.ActiveCfg = Debug|Any CPU
		{ADB1322C-6C2B-47E9-BDF6-5FB2F1D1D070}.Debug|Any CPU.Build.0 = Debug|Any CPU
		{ADB1322C-6C2B-47E9-BDF6-5FB2F1D1D070}.Release|Any CPU.ActiveCfg = Release|Any CPU
		{ADB1322C-6C2B-47E9-BDF6-5FB2F1D1D070}.Release|Any CPU.Build.0 = Release|Any CPU
		{9E0BD4F5-0DA2-4C9C-8B87-333308CB5DC8}.Debug|Any CPU.ActiveCfg = Debug|Any CPU
		{9E0BD4F5-0DA2-4C9C-8B87-333308CB5DC8}.Debug|Any CPU.Build.0 = Debug|Any CPU
		{9E0BD4F5-0DA2-4C9C-8B87-333308CB5DC8}.Release|Any CPU.ActiveCfg = Release|Any CPU
		{9E0BD4F5-0DA2-4C9C-8B87-333308CB5DC8}.Release|Any CPU.Build.0 = Release|Any CPU
		{1BEF4C7E-C707-4601-8B77-E115420FDE9E}.Debug|Any CPU.ActiveCfg = Debug|Any CPU
		{1BEF4C7E-C707-4601-8B77-E115420FDE9E}.Debug|Any CPU.Build.0 = Debug|Any CPU
		{1BEF4C7E-C707-4601-8B77-E115420FDE9E}.Release|Any CPU.ActiveCfg = Release|Any CPU
		{1BEF4C7E-C707-4601-8B77-E115420FDE9E}.Release|Any CPU.Build.0 = Release|Any CPU
		{1A682FC7-8260-40F8-BEF8-CD289E144137}.Debug|Any CPU.ActiveCfg = Debug|Any CPU
		{1A682FC7-8260-40F8-BEF8-CD289E144137}.Debug|Any CPU.Build.0 = Debug|Any CPU
		{1A682FC7-8260-40F8-BEF8-CD289E144137}.Release|Any CPU.ActiveCfg = Release|Any CPU
		{1A682FC7-8260-40F8-BEF8-CD289E144137}.Release|Any CPU.Build.0 = Release|Any CPU
		{AC6B9E99-BFC8-467E-BFAE-E67931810F7F}.Debug|Any CPU.ActiveCfg = Debug|Any CPU
		{AC6B9E99-BFC8-467E-BFAE-E67931810F7F}.Debug|Any CPU.Build.0 = Debug|Any CPU
		{AC6B9E99-BFC8-467E-BFAE-E67931810F7F}.Release|Any CPU.ActiveCfg = Release|Any CPU
		{AC6B9E99-BFC8-467E-BFAE-E67931810F7F}.Release|Any CPU.Build.0 = Release|Any CPU
		{32A682DA-9209-44AF-9FAF-0C1F384647D9}.Debug|Any CPU.ActiveCfg = Debug|Any CPU
		{32A682DA-9209-44AF-9FAF-0C1F384647D9}.Debug|Any CPU.Build.0 = Debug|Any CPU
		{32A682DA-9209-44AF-9FAF-0C1F384647D9}.Release|Any CPU.ActiveCfg = Release|Any CPU
		{32A682DA-9209-44AF-9FAF-0C1F384647D9}.Release|Any CPU.Build.0 = Release|Any CPU
		{18C0CDF2-FA25-4E20-A46F-EA3D5BDDAD92}.Debug|Any CPU.ActiveCfg = Debug|Any CPU
		{18C0CDF2-FA25-4E20-A46F-EA3D5BDDAD92}.Debug|Any CPU.Build.0 = Debug|Any CPU
		{18C0CDF2-FA25-4E20-A46F-EA3D5BDDAD92}.Release|Any CPU.ActiveCfg = Release|Any CPU
		{18C0CDF2-FA25-4E20-A46F-EA3D5BDDAD92}.Release|Any CPU.Build.0 = Release|Any CPU
		{A4F3D60A-8FBB-43DD-94FC-98C1E4F1B6E8}.Debug|Any CPU.ActiveCfg = Debug|Any CPU
		{A4F3D60A-8FBB-43DD-94FC-98C1E4F1B6E8}.Debug|Any CPU.Build.0 = Debug|Any CPU
		{A4F3D60A-8FBB-43DD-94FC-98C1E4F1B6E8}.Release|Any CPU.ActiveCfg = Release|Any CPU
		{A4F3D60A-8FBB-43DD-94FC-98C1E4F1B6E8}.Release|Any CPU.Build.0 = Release|Any CPU
		{0ACE61E4-E1C3-4B26-8701-2885B8234F17}.Debug|Any CPU.ActiveCfg = Debug|Any CPU
		{0ACE61E4-E1C3-4B26-8701-2885B8234F17}.Debug|Any CPU.Build.0 = Debug|Any CPU
		{0ACE61E4-E1C3-4B26-8701-2885B8234F17}.Release|Any CPU.ActiveCfg = Release|Any CPU
		{0ACE61E4-E1C3-4B26-8701-2885B8234F17}.Release|Any CPU.Build.0 = Release|Any CPU
		{C0CFA8FD-1408-481D-8046-50A45DCCE296}.Debug|Any CPU.ActiveCfg = Debug|Any CPU
		{C0CFA8FD-1408-481D-8046-50A45DCCE296}.Debug|Any CPU.Build.0 = Debug|Any CPU
		{C0CFA8FD-1408-481D-8046-50A45DCCE296}.Release|Any CPU.ActiveCfg = Release|Any CPU
		{C0CFA8FD-1408-481D-8046-50A45DCCE296}.Release|Any CPU.Build.0 = Release|Any CPU
		{03A80599-A794-464A-AC83-0179C7BBC02D}.Debug|Any CPU.ActiveCfg = Debug|Any CPU
		{03A80599-A794-464A-AC83-0179C7BBC02D}.Debug|Any CPU.Build.0 = Debug|Any CPU
		{03A80599-A794-464A-AC83-0179C7BBC02D}.Release|Any CPU.ActiveCfg = Release|Any CPU
		{03A80599-A794-464A-AC83-0179C7BBC02D}.Release|Any CPU.Build.0 = Release|Any CPU
		{F7DCCC71-06E4-44DA-B076-32AF3197CEA6}.Debug|Any CPU.ActiveCfg = Debug|Any CPU
		{F7DCCC71-06E4-44DA-B076-32AF3197CEA6}.Debug|Any CPU.Build.0 = Debug|Any CPU
		{F7DCCC71-06E4-44DA-B076-32AF3197CEA6}.Release|Any CPU.ActiveCfg = Release|Any CPU
		{F7DCCC71-06E4-44DA-B076-32AF3197CEA6}.Release|Any CPU.Build.0 = Release|Any CPU
		{AB41722A-8EDC-4947-8D02-D39479FA67C2}.Debug|Any CPU.ActiveCfg = Debug|Any CPU
		{AB41722A-8EDC-4947-8D02-D39479FA67C2}.Debug|Any CPU.Build.0 = Debug|Any CPU
		{AB41722A-8EDC-4947-8D02-D39479FA67C2}.Release|Any CPU.ActiveCfg = Release|Any CPU
		{AB41722A-8EDC-4947-8D02-D39479FA67C2}.Release|Any CPU.Build.0 = Release|Any CPU
		{DAF80315-F4CA-448E-BF4A-650350858DFC}.Debug|Any CPU.ActiveCfg = Debug|Any CPU
		{DAF80315-F4CA-448E-BF4A-650350858DFC}.Debug|Any CPU.Build.0 = Debug|Any CPU
		{DAF80315-F4CA-448E-BF4A-650350858DFC}.Release|Any CPU.ActiveCfg = Release|Any CPU
		{DAF80315-F4CA-448E-BF4A-650350858DFC}.Release|Any CPU.Build.0 = Release|Any CPU
		{4BE98485-8A0E-4A04-B8D5-554199369ED8}.Debug|Any CPU.ActiveCfg = Debug|Any CPU
		{4BE98485-8A0E-4A04-B8D5-554199369ED8}.Debug|Any CPU.Build.0 = Debug|Any CPU
		{4BE98485-8A0E-4A04-B8D5-554199369ED8}.Release|Any CPU.ActiveCfg = Release|Any CPU
		{4BE98485-8A0E-4A04-B8D5-554199369ED8}.Release|Any CPU.Build.0 = Release|Any CPU
		{31C9BA0F-87BC-43AD-9C61-A3F55CCD3F5E}.Debug|Any CPU.ActiveCfg = Debug|Any CPU
		{31C9BA0F-87BC-43AD-9C61-A3F55CCD3F5E}.Debug|Any CPU.Build.0 = Debug|Any CPU
		{31C9BA0F-87BC-43AD-9C61-A3F55CCD3F5E}.Release|Any CPU.ActiveCfg = Release|Any CPU
		{31C9BA0F-87BC-43AD-9C61-A3F55CCD3F5E}.Release|Any CPU.Build.0 = Release|Any CPU
		{99334435-E8CF-47BF-BCFB-DF2078D4D545}.Debug|Any CPU.ActiveCfg = Debug|Any CPU
		{99334435-E8CF-47BF-BCFB-DF2078D4D545}.Debug|Any CPU.Build.0 = Debug|Any CPU
		{99334435-E8CF-47BF-BCFB-DF2078D4D545}.Release|Any CPU.ActiveCfg = Release|Any CPU
		{99334435-E8CF-47BF-BCFB-DF2078D4D545}.Release|Any CPU.Build.0 = Release|Any CPU
		{F29364FB-16D9-4997-B20E-578946316B10}.Debug|Any CPU.ActiveCfg = Debug|Any CPU
		{F29364FB-16D9-4997-B20E-578946316B10}.Debug|Any CPU.Build.0 = Debug|Any CPU
		{F29364FB-16D9-4997-B20E-578946316B10}.Release|Any CPU.ActiveCfg = Release|Any CPU
		{F29364FB-16D9-4997-B20E-578946316B10}.Release|Any CPU.Build.0 = Release|Any CPU
		{55E9C99F-7F57-4E93-B9CB-11A4C1F94600}.Debug|Any CPU.ActiveCfg = Debug|Any CPU
		{55E9C99F-7F57-4E93-B9CB-11A4C1F94600}.Debug|Any CPU.Build.0 = Debug|Any CPU
		{55E9C99F-7F57-4E93-B9CB-11A4C1F94600}.Release|Any CPU.ActiveCfg = Release|Any CPU
		{55E9C99F-7F57-4E93-B9CB-11A4C1F94600}.Release|Any CPU.Build.0 = Release|Any CPU
		{F4FCA788-5D99-4741-90F7-0CF6283F2F0A}.Debug|Any CPU.ActiveCfg = Debug|Any CPU
		{F4FCA788-5D99-4741-90F7-0CF6283F2F0A}.Debug|Any CPU.Build.0 = Debug|Any CPU
		{F4FCA788-5D99-4741-90F7-0CF6283F2F0A}.Release|Any CPU.ActiveCfg = Release|Any CPU
		{F4FCA788-5D99-4741-90F7-0CF6283F2F0A}.Release|Any CPU.Build.0 = Release|Any CPU
		{70146006-CBC0-4F20-8EA6-0A14D2B2E515}.Debug|Any CPU.ActiveCfg = Debug|Any CPU
		{70146006-CBC0-4F20-8EA6-0A14D2B2E515}.Debug|Any CPU.Build.0 = Debug|Any CPU
		{70146006-CBC0-4F20-8EA6-0A14D2B2E515}.Release|Any CPU.ActiveCfg = Release|Any CPU
		{70146006-CBC0-4F20-8EA6-0A14D2B2E515}.Release|Any CPU.Build.0 = Release|Any CPU
		{4E15FB7F-72B6-441A-8EA7-05EF8B0A9897}.Debug|Any CPU.ActiveCfg = Debug|Any CPU
		{4E15FB7F-72B6-441A-8EA7-05EF8B0A9897}.Debug|Any CPU.Build.0 = Debug|Any CPU
		{4E15FB7F-72B6-441A-8EA7-05EF8B0A9897}.Release|Any CPU.ActiveCfg = Release|Any CPU
		{4E15FB7F-72B6-441A-8EA7-05EF8B0A9897}.Release|Any CPU.Build.0 = Release|Any CPU
		{85F5E58E-1C4D-4DB8-A8BE-05FB0CDE767F}.Debug|Any CPU.ActiveCfg = Debug|Any CPU
		{85F5E58E-1C4D-4DB8-A8BE-05FB0CDE767F}.Debug|Any CPU.Build.0 = Debug|Any CPU
		{85F5E58E-1C4D-4DB8-A8BE-05FB0CDE767F}.Release|Any CPU.ActiveCfg = Release|Any CPU
		{85F5E58E-1C4D-4DB8-A8BE-05FB0CDE767F}.Release|Any CPU.Build.0 = Release|Any CPU
		{DEF8FED1-7834-413C-97DA-BFCFD5BA7828}.Debug|Any CPU.ActiveCfg = Debug|Any CPU
		{DEF8FED1-7834-413C-97DA-BFCFD5BA7828}.Debug|Any CPU.Build.0 = Debug|Any CPU
		{DEF8FED1-7834-413C-97DA-BFCFD5BA7828}.Release|Any CPU.ActiveCfg = Release|Any CPU
		{DEF8FED1-7834-413C-97DA-BFCFD5BA7828}.Release|Any CPU.Build.0 = Release|Any CPU
		{43308051-1C0A-439E-9C70-AE7956665E64}.Debug|Any CPU.ActiveCfg = Debug|Any CPU
		{43308051-1C0A-439E-9C70-AE7956665E64}.Debug|Any CPU.Build.0 = Debug|Any CPU
		{43308051-1C0A-439E-9C70-AE7956665E64}.Release|Any CPU.ActiveCfg = Release|Any CPU
		{43308051-1C0A-439E-9C70-AE7956665E64}.Release|Any CPU.Build.0 = Release|Any CPU
		{4BE8A025-517F-4F17-8CB7-A02ED5E6BD7A}.Debug|Any CPU.ActiveCfg = Debug|Any CPU
		{4BE8A025-517F-4F17-8CB7-A02ED5E6BD7A}.Debug|Any CPU.Build.0 = Debug|Any CPU
		{4BE8A025-517F-4F17-8CB7-A02ED5E6BD7A}.Release|Any CPU.ActiveCfg = Release|Any CPU
		{4BE8A025-517F-4F17-8CB7-A02ED5E6BD7A}.Release|Any CPU.Build.0 = Release|Any CPU
		{7589E34E-F07C-4D20-8FAC-086A79E060CC}.Debug|Any CPU.ActiveCfg = Debug|Any CPU
		{7589E34E-F07C-4D20-8FAC-086A79E060CC}.Debug|Any CPU.Build.0 = Debug|Any CPU
		{7589E34E-F07C-4D20-8FAC-086A79E060CC}.Release|Any CPU.ActiveCfg = Release|Any CPU
		{7589E34E-F07C-4D20-8FAC-086A79E060CC}.Release|Any CPU.Build.0 = Release|Any CPU
		{50DDFBFE-DFA0-46FB-AAFC-B393A640D7EA}.Debug|Any CPU.ActiveCfg = Debug|Any CPU
		{50DDFBFE-DFA0-46FB-AAFC-B393A640D7EA}.Debug|Any CPU.Build.0 = Debug|Any CPU
		{50DDFBFE-DFA0-46FB-AAFC-B393A640D7EA}.Release|Any CPU.ActiveCfg = Release|Any CPU
		{50DDFBFE-DFA0-46FB-AAFC-B393A640D7EA}.Release|Any CPU.Build.0 = Release|Any CPU
		{8530C22C-A802-4741-BFF6-8D2D660CC4C3}.Debug|Any CPU.ActiveCfg = Debug|Any CPU
		{8530C22C-A802-4741-BFF6-8D2D660CC4C3}.Debug|Any CPU.Build.0 = Debug|Any CPU
		{8530C22C-A802-4741-BFF6-8D2D660CC4C3}.Release|Any CPU.ActiveCfg = Release|Any CPU
		{8530C22C-A802-4741-BFF6-8D2D660CC4C3}.Release|Any CPU.Build.0 = Release|Any CPU
		{B5B3456F-7141-4FDF-80D2-8908B9710C02}.Debug|Any CPU.ActiveCfg = Debug|Any CPU
		{B5B3456F-7141-4FDF-80D2-8908B9710C02}.Debug|Any CPU.Build.0 = Debug|Any CPU
		{B5B3456F-7141-4FDF-80D2-8908B9710C02}.Release|Any CPU.ActiveCfg = Release|Any CPU
		{B5B3456F-7141-4FDF-80D2-8908B9710C02}.Release|Any CPU.Build.0 = Release|Any CPU
		{EE8C58F3-5C2C-4366-882F-7942DB9CC128}.Debug|Any CPU.ActiveCfg = Debug|Any CPU
		{EE8C58F3-5C2C-4366-882F-7942DB9CC128}.Debug|Any CPU.Build.0 = Debug|Any CPU
		{EE8C58F3-5C2C-4366-882F-7942DB9CC128}.Release|Any CPU.ActiveCfg = Release|Any CPU
		{EE8C58F3-5C2C-4366-882F-7942DB9CC128}.Release|Any CPU.Build.0 = Release|Any CPU
		{EF2FE128-880B-40C9-90B9-78AADA2A7791}.Debug|Any CPU.ActiveCfg = Debug|Any CPU
		{EF2FE128-880B-40C9-90B9-78AADA2A7791}.Debug|Any CPU.Build.0 = Debug|Any CPU
		{EF2FE128-880B-40C9-90B9-78AADA2A7791}.Release|Any CPU.ActiveCfg = Release|Any CPU
		{EF2FE128-880B-40C9-90B9-78AADA2A7791}.Release|Any CPU.Build.0 = Release|Any CPU
		{6122C1EA-BDFB-4168-81ED-DDC24940F003}.Debug|Any CPU.ActiveCfg = Debug|Any CPU
		{6122C1EA-BDFB-4168-81ED-DDC24940F003}.Debug|Any CPU.Build.0 = Debug|Any CPU
		{6122C1EA-BDFB-4168-81ED-DDC24940F003}.Release|Any CPU.ActiveCfg = Release|Any CPU
		{6122C1EA-BDFB-4168-81ED-DDC24940F003}.Release|Any CPU.Build.0 = Release|Any CPU
		{1F755470-F06F-4138-80F1-4293EBB8B76E}.Debug|Any CPU.ActiveCfg = Debug|Any CPU
		{1F755470-F06F-4138-80F1-4293EBB8B76E}.Debug|Any CPU.Build.0 = Debug|Any CPU
		{1F755470-F06F-4138-80F1-4293EBB8B76E}.Release|Any CPU.ActiveCfg = Release|Any CPU
		{1F755470-F06F-4138-80F1-4293EBB8B76E}.Release|Any CPU.Build.0 = Release|Any CPU
		{5CCC1B8A-8193-4F03-B11E-2B72C28851FE}.Debug|Any CPU.ActiveCfg = Debug|Any CPU
		{5CCC1B8A-8193-4F03-B11E-2B72C28851FE}.Debug|Any CPU.Build.0 = Debug|Any CPU
		{5CCC1B8A-8193-4F03-B11E-2B72C28851FE}.Release|Any CPU.ActiveCfg = Release|Any CPU
		{5CCC1B8A-8193-4F03-B11E-2B72C28851FE}.Release|Any CPU.Build.0 = Release|Any CPU
		{0FB49C0B-83DF-4A59-A269-A9CF347FBFCF}.Debug|Any CPU.ActiveCfg = Debug|Any CPU
		{0FB49C0B-83DF-4A59-A269-A9CF347FBFCF}.Debug|Any CPU.Build.0 = Debug|Any CPU
		{0FB49C0B-83DF-4A59-A269-A9CF347FBFCF}.Release|Any CPU.ActiveCfg = Release|Any CPU
		{0FB49C0B-83DF-4A59-A269-A9CF347FBFCF}.Release|Any CPU.Build.0 = Release|Any CPU
		{5C89F01F-53A4-4CEB-8520-1E337CE306E0}.Debug|Any CPU.ActiveCfg = Debug|Any CPU
		{5C89F01F-53A4-4CEB-8520-1E337CE306E0}.Debug|Any CPU.Build.0 = Debug|Any CPU
		{5C89F01F-53A4-4CEB-8520-1E337CE306E0}.Release|Any CPU.ActiveCfg = Release|Any CPU
		{5C89F01F-53A4-4CEB-8520-1E337CE306E0}.Release|Any CPU.Build.0 = Release|Any CPU
		{E6527615-BE62-43ED-A254-A0E0D317BA1F}.Debug|Any CPU.ActiveCfg = Debug|Any CPU
		{E6527615-BE62-43ED-A254-A0E0D317BA1F}.Debug|Any CPU.Build.0 = Debug|Any CPU
		{E6527615-BE62-43ED-A254-A0E0D317BA1F}.Release|Any CPU.ActiveCfg = Release|Any CPU
		{E6527615-BE62-43ED-A254-A0E0D317BA1F}.Release|Any CPU.Build.0 = Release|Any CPU
		{6DCAD16B-B39F-4D36-875A-E9C414F529FD}.Debug|Any CPU.ActiveCfg = Debug|Any CPU
		{6DCAD16B-B39F-4D36-875A-E9C414F529FD}.Debug|Any CPU.Build.0 = Debug|Any CPU
		{6DCAD16B-B39F-4D36-875A-E9C414F529FD}.Release|Any CPU.ActiveCfg = Release|Any CPU
		{6DCAD16B-B39F-4D36-875A-E9C414F529FD}.Release|Any CPU.Build.0 = Release|Any CPU
		{E08E3541-E0BC-4E37-8293-70A3084F4EFD}.Debug|Any CPU.ActiveCfg = Debug|Any CPU
		{E08E3541-E0BC-4E37-8293-70A3084F4EFD}.Debug|Any CPU.Build.0 = Debug|Any CPU
		{E08E3541-E0BC-4E37-8293-70A3084F4EFD}.Release|Any CPU.ActiveCfg = Release|Any CPU
		{E08E3541-E0BC-4E37-8293-70A3084F4EFD}.Release|Any CPU.Build.0 = Release|Any CPU
		{ED538F5E-60D3-46BE-9C1C-1FF39E319B49}.Debug|Any CPU.ActiveCfg = Debug|Any CPU
		{ED538F5E-60D3-46BE-9C1C-1FF39E319B49}.Debug|Any CPU.Build.0 = Debug|Any CPU
		{ED538F5E-60D3-46BE-9C1C-1FF39E319B49}.Release|Any CPU.ActiveCfg = Release|Any CPU
		{ED538F5E-60D3-46BE-9C1C-1FF39E319B49}.Release|Any CPU.Build.0 = Release|Any CPU
		{38912FDA-F0E4-4528-8509-3E515F9C3A1E}.Debug|Any CPU.ActiveCfg = Debug|Any CPU
		{38912FDA-F0E4-4528-8509-3E515F9C3A1E}.Debug|Any CPU.Build.0 = Debug|Any CPU
		{38912FDA-F0E4-4528-8509-3E515F9C3A1E}.Release|Any CPU.ActiveCfg = Release|Any CPU
		{38912FDA-F0E4-4528-8509-3E515F9C3A1E}.Release|Any CPU.Build.0 = Release|Any CPU
		{83642ACE-7CB6-4D73-9F32-333C82A4FC20}.Debug|Any CPU.ActiveCfg = Debug|Any CPU
		{83642ACE-7CB6-4D73-9F32-333C82A4FC20}.Debug|Any CPU.Build.0 = Debug|Any CPU
		{83642ACE-7CB6-4D73-9F32-333C82A4FC20}.Release|Any CPU.ActiveCfg = Release|Any CPU
		{83642ACE-7CB6-4D73-9F32-333C82A4FC20}.Release|Any CPU.Build.0 = Release|Any CPU
		{BC80DAC2-B972-46C4-A067-2041D922D265}.Debug|Any CPU.ActiveCfg = Debug|Any CPU
		{BC80DAC2-B972-46C4-A067-2041D922D265}.Debug|Any CPU.Build.0 = Debug|Any CPU
		{BC80DAC2-B972-46C4-A067-2041D922D265}.Release|Any CPU.ActiveCfg = Release|Any CPU
		{BC80DAC2-B972-46C4-A067-2041D922D265}.Release|Any CPU.Build.0 = Release|Any CPU
		{D010C26B-1FC0-4FF0-9127-1D6B6DAFAEFF}.Debug|Any CPU.ActiveCfg = Debug|Any CPU
		{D010C26B-1FC0-4FF0-9127-1D6B6DAFAEFF}.Debug|Any CPU.Build.0 = Debug|Any CPU
		{D010C26B-1FC0-4FF0-9127-1D6B6DAFAEFF}.Release|Any CPU.ActiveCfg = Release|Any CPU
		{D010C26B-1FC0-4FF0-9127-1D6B6DAFAEFF}.Release|Any CPU.Build.0 = Release|Any CPU
		{69786DEE-4A52-4A85-A93A-C6F7DF4417DD}.Debug|Any CPU.ActiveCfg = Debug|Any CPU
		{69786DEE-4A52-4A85-A93A-C6F7DF4417DD}.Debug|Any CPU.Build.0 = Debug|Any CPU
		{69786DEE-4A52-4A85-A93A-C6F7DF4417DD}.Release|Any CPU.ActiveCfg = Release|Any CPU
		{69786DEE-4A52-4A85-A93A-C6F7DF4417DD}.Release|Any CPU.Build.0 = Release|Any CPU
		{3B0021B0-0000-4F1B-8309-83B9CDC6A8D5}.Debug|Any CPU.ActiveCfg = Debug|Any CPU
		{3B0021B0-0000-4F1B-8309-83B9CDC6A8D5}.Debug|Any CPU.Build.0 = Debug|Any CPU
		{3B0021B0-0000-4F1B-8309-83B9CDC6A8D5}.Release|Any CPU.ActiveCfg = Release|Any CPU
		{3B0021B0-0000-4F1B-8309-83B9CDC6A8D5}.Release|Any CPU.Build.0 = Release|Any CPU
		{FCA07B8D-A208-45FB-864B-F89348EEE4D1}.Debug|Any CPU.ActiveCfg = Debug|Any CPU
		{FCA07B8D-A208-45FB-864B-F89348EEE4D1}.Debug|Any CPU.Build.0 = Debug|Any CPU
		{FCA07B8D-A208-45FB-864B-F89348EEE4D1}.Release|Any CPU.ActiveCfg = Release|Any CPU
		{FCA07B8D-A208-45FB-864B-F89348EEE4D1}.Release|Any CPU.Build.0 = Release|Any CPU
		{08945933-4B71-4DDD-9B32-6A6642BFA61F}.Debug|Any CPU.ActiveCfg = Debug|Any CPU
		{08945933-4B71-4DDD-9B32-6A6642BFA61F}.Debug|Any CPU.Build.0 = Debug|Any CPU
		{08945933-4B71-4DDD-9B32-6A6642BFA61F}.Release|Any CPU.ActiveCfg = Release|Any CPU
		{08945933-4B71-4DDD-9B32-6A6642BFA61F}.Release|Any CPU.Build.0 = Release|Any CPU
		{82BF4AFC-5F17-407E-9916-483AD3BEB215}.Debug|Any CPU.ActiveCfg = Debug|Any CPU
		{82BF4AFC-5F17-407E-9916-483AD3BEB215}.Debug|Any CPU.Build.0 = Debug|Any CPU
		{82BF4AFC-5F17-407E-9916-483AD3BEB215}.Release|Any CPU.ActiveCfg = Release|Any CPU
		{82BF4AFC-5F17-407E-9916-483AD3BEB215}.Release|Any CPU.Build.0 = Release|Any CPU
		{E6B36B59-09D6-49EF-92C5-04065F85134D}.Debug|Any CPU.ActiveCfg = Debug|Any CPU
		{E6B36B59-09D6-49EF-92C5-04065F85134D}.Debug|Any CPU.Build.0 = Debug|Any CPU
		{E6B36B59-09D6-49EF-92C5-04065F85134D}.Release|Any CPU.ActiveCfg = Release|Any CPU
		{E6B36B59-09D6-49EF-92C5-04065F85134D}.Release|Any CPU.Build.0 = Release|Any CPU
		{972487F2-B2FD-4A47-90F9-5E506C8C3F4A}.Debug|Any CPU.ActiveCfg = Debug|Any CPU
		{972487F2-B2FD-4A47-90F9-5E506C8C3F4A}.Debug|Any CPU.Build.0 = Debug|Any CPU
		{972487F2-B2FD-4A47-90F9-5E506C8C3F4A}.Release|Any CPU.ActiveCfg = Release|Any CPU
		{972487F2-B2FD-4A47-90F9-5E506C8C3F4A}.Release|Any CPU.Build.0 = Release|Any CPU
		{E3D8ACFD-4E67-4FB4-A648-CF0CF555BA32}.Debug|Any CPU.ActiveCfg = Debug|Any CPU
		{E3D8ACFD-4E67-4FB4-A648-CF0CF555BA32}.Debug|Any CPU.Build.0 = Debug|Any CPU
		{E3D8ACFD-4E67-4FB4-A648-CF0CF555BA32}.Release|Any CPU.ActiveCfg = Release|Any CPU
		{E3D8ACFD-4E67-4FB4-A648-CF0CF555BA32}.Release|Any CPU.Build.0 = Release|Any CPU
		{FAB57D11-94E3-4582-9C84-87082F079826}.Debug|Any CPU.ActiveCfg = Debug|Any CPU
		{FAB57D11-94E3-4582-9C84-87082F079826}.Debug|Any CPU.Build.0 = Debug|Any CPU
		{FAB57D11-94E3-4582-9C84-87082F079826}.Release|Any CPU.ActiveCfg = Release|Any CPU
		{FAB57D11-94E3-4582-9C84-87082F079826}.Release|Any CPU.Build.0 = Release|Any CPU
		{A218C6CF-F43D-4578-81A3-C33D3BCF1A13}.Debug|Any CPU.ActiveCfg = Debug|Any CPU
		{A218C6CF-F43D-4578-81A3-C33D3BCF1A13}.Debug|Any CPU.Build.0 = Debug|Any CPU
		{A218C6CF-F43D-4578-81A3-C33D3BCF1A13}.Release|Any CPU.ActiveCfg = Release|Any CPU
		{A218C6CF-F43D-4578-81A3-C33D3BCF1A13}.Release|Any CPU.Build.0 = Release|Any CPU
		{4E66B3AC-D07F-441F-A972-1B6568384C47}.Debug|Any CPU.ActiveCfg = Debug|Any CPU
		{4E66B3AC-D07F-441F-A972-1B6568384C47}.Debug|Any CPU.Build.0 = Debug|Any CPU
		{4E66B3AC-D07F-441F-A972-1B6568384C47}.Release|Any CPU.ActiveCfg = Release|Any CPU
		{4E66B3AC-D07F-441F-A972-1B6568384C47}.Release|Any CPU.Build.0 = Release|Any CPU
		{456DEBCB-6986-4759-8EDC-222D5FAD969F}.Debug|Any CPU.ActiveCfg = Debug|Any CPU
		{456DEBCB-6986-4759-8EDC-222D5FAD969F}.Debug|Any CPU.Build.0 = Debug|Any CPU
		{456DEBCB-6986-4759-8EDC-222D5FAD969F}.Release|Any CPU.ActiveCfg = Release|Any CPU
		{456DEBCB-6986-4759-8EDC-222D5FAD969F}.Release|Any CPU.Build.0 = Release|Any CPU
		{7DBCA9E9-3F49-4EC6-95C8-C9B8E8EC076A}.Debug|Any CPU.ActiveCfg = Debug|Any CPU
		{7DBCA9E9-3F49-4EC6-95C8-C9B8E8EC076A}.Debug|Any CPU.Build.0 = Debug|Any CPU
		{7DBCA9E9-3F49-4EC6-95C8-C9B8E8EC076A}.Release|Any CPU.ActiveCfg = Release|Any CPU
		{7DBCA9E9-3F49-4EC6-95C8-C9B8E8EC076A}.Release|Any CPU.Build.0 = Release|Any CPU
		{1AC69226-1A84-4094-BA02-22FE57D38978}.Debug|Any CPU.ActiveCfg = Debug|Any CPU
		{1AC69226-1A84-4094-BA02-22FE57D38978}.Debug|Any CPU.Build.0 = Debug|Any CPU
		{1AC69226-1A84-4094-BA02-22FE57D38978}.Release|Any CPU.ActiveCfg = Release|Any CPU
		{1AC69226-1A84-4094-BA02-22FE57D38978}.Release|Any CPU.Build.0 = Release|Any CPU
		{DDDEDF6D-3F02-403E-859F-A6296A10079A}.Debug|Any CPU.ActiveCfg = Debug|Any CPU
		{DDDEDF6D-3F02-403E-859F-A6296A10079A}.Debug|Any CPU.Build.0 = Debug|Any CPU
		{DDDEDF6D-3F02-403E-859F-A6296A10079A}.Release|Any CPU.ActiveCfg = Release|Any CPU
		{DDDEDF6D-3F02-403E-859F-A6296A10079A}.Release|Any CPU.Build.0 = Release|Any CPU
		{173126E3-053A-4A10-BC95-83B95DC669F8}.Debug|Any CPU.ActiveCfg = Debug|Any CPU
		{173126E3-053A-4A10-BC95-83B95DC669F8}.Debug|Any CPU.Build.0 = Debug|Any CPU
		{173126E3-053A-4A10-BC95-83B95DC669F8}.Release|Any CPU.ActiveCfg = Release|Any CPU
		{173126E3-053A-4A10-BC95-83B95DC669F8}.Release|Any CPU.Build.0 = Release|Any CPU
		{951BB62B-A71D-4CDB-A205-B17A59C7A5D5}.Debug|Any CPU.ActiveCfg = Debug|Any CPU
		{951BB62B-A71D-4CDB-A205-B17A59C7A5D5}.Debug|Any CPU.Build.0 = Debug|Any CPU
		{951BB62B-A71D-4CDB-A205-B17A59C7A5D5}.Release|Any CPU.ActiveCfg = Release|Any CPU
		{951BB62B-A71D-4CDB-A205-B17A59C7A5D5}.Release|Any CPU.Build.0 = Release|Any CPU
		{C0E1DC6A-5A0F-4A3D-A877-7050F5F8E16E}.Debug|Any CPU.ActiveCfg = Debug|Any CPU
		{C0E1DC6A-5A0F-4A3D-A877-7050F5F8E16E}.Debug|Any CPU.Build.0 = Debug|Any CPU
		{C0E1DC6A-5A0F-4A3D-A877-7050F5F8E16E}.Release|Any CPU.ActiveCfg = Release|Any CPU
		{C0E1DC6A-5A0F-4A3D-A877-7050F5F8E16E}.Release|Any CPU.Build.0 = Release|Any CPU
		{52D1B097-6A22-41C8-944A-1D2BF93E8142}.Debug|Any CPU.ActiveCfg = Debug|Any CPU
		{52D1B097-6A22-41C8-944A-1D2BF93E8142}.Debug|Any CPU.Build.0 = Debug|Any CPU
		{52D1B097-6A22-41C8-944A-1D2BF93E8142}.Release|Any CPU.ActiveCfg = Release|Any CPU
		{52D1B097-6A22-41C8-944A-1D2BF93E8142}.Release|Any CPU.Build.0 = Release|Any CPU
		{A31C3DFB-CCFC-442C-9527-DD1498DA8FFF}.Debug|Any CPU.ActiveCfg = Debug|Any CPU
		{A31C3DFB-CCFC-442C-9527-DD1498DA8FFF}.Debug|Any CPU.Build.0 = Debug|Any CPU
		{A31C3DFB-CCFC-442C-9527-DD1498DA8FFF}.Release|Any CPU.ActiveCfg = Release|Any CPU
		{A31C3DFB-CCFC-442C-9527-DD1498DA8FFF}.Release|Any CPU.Build.0 = Release|Any CPU
		{A97A3F48-C1A1-4E40-92F9-21F345933320}.Debug|Any CPU.ActiveCfg = Debug|Any CPU
		{A97A3F48-C1A1-4E40-92F9-21F345933320}.Debug|Any CPU.Build.0 = Debug|Any CPU
		{A97A3F48-C1A1-4E40-92F9-21F345933320}.Release|Any CPU.ActiveCfg = Release|Any CPU
		{A97A3F48-C1A1-4E40-92F9-21F345933320}.Release|Any CPU.Build.0 = Release|Any CPU
		{32EFDFBE-1DA7-4C1B-8657-0D4E5F14A4A0}.Debug|Any CPU.ActiveCfg = Debug|Any CPU
		{32EFDFBE-1DA7-4C1B-8657-0D4E5F14A4A0}.Debug|Any CPU.Build.0 = Debug|Any CPU
		{32EFDFBE-1DA7-4C1B-8657-0D4E5F14A4A0}.Release|Any CPU.ActiveCfg = Release|Any CPU
		{32EFDFBE-1DA7-4C1B-8657-0D4E5F14A4A0}.Release|Any CPU.Build.0 = Release|Any CPU
		{FF68ED06-1179-4789-9914-47E1FB098FB0}.Debug|Any CPU.ActiveCfg = Debug|Any CPU
		{FF68ED06-1179-4789-9914-47E1FB098FB0}.Debug|Any CPU.Build.0 = Debug|Any CPU
		{FF68ED06-1179-4789-9914-47E1FB098FB0}.Release|Any CPU.ActiveCfg = Release|Any CPU
		{FF68ED06-1179-4789-9914-47E1FB098FB0}.Release|Any CPU.Build.0 = Release|Any CPU
		{6E9B2FEF-F1D7-4963-AA08-2DB2BEDE7F20}.Debug|Any CPU.ActiveCfg = Debug|Any CPU
		{6E9B2FEF-F1D7-4963-AA08-2DB2BEDE7F20}.Debug|Any CPU.Build.0 = Debug|Any CPU
		{6E9B2FEF-F1D7-4963-AA08-2DB2BEDE7F20}.Release|Any CPU.ActiveCfg = Release|Any CPU
		{6E9B2FEF-F1D7-4963-AA08-2DB2BEDE7F20}.Release|Any CPU.Build.0 = Release|Any CPU
		{D400309D-5BA8-4427-AB32-2363CC052FCA}.Debug|Any CPU.ActiveCfg = Debug|Any CPU
		{D400309D-5BA8-4427-AB32-2363CC052FCA}.Debug|Any CPU.Build.0 = Debug|Any CPU
		{D400309D-5BA8-4427-AB32-2363CC052FCA}.Release|Any CPU.ActiveCfg = Release|Any CPU
		{D400309D-5BA8-4427-AB32-2363CC052FCA}.Release|Any CPU.Build.0 = Release|Any CPU
		{E0D0A4C3-BF0D-4A8C-A244-9E26DD104075}.Debug|Any CPU.ActiveCfg = Debug|Any CPU
		{E0D0A4C3-BF0D-4A8C-A244-9E26DD104075}.Debug|Any CPU.Build.0 = Debug|Any CPU
		{E0D0A4C3-BF0D-4A8C-A244-9E26DD104075}.Release|Any CPU.ActiveCfg = Release|Any CPU
		{E0D0A4C3-BF0D-4A8C-A244-9E26DD104075}.Release|Any CPU.Build.0 = Release|Any CPU
		{943ADCFB-4116-4B87-9436-57C10419E985}.Debug|Any CPU.ActiveCfg = Debug|Any CPU
		{943ADCFB-4116-4B87-9436-57C10419E985}.Debug|Any CPU.Build.0 = Debug|Any CPU
		{943ADCFB-4116-4B87-9436-57C10419E985}.Release|Any CPU.ActiveCfg = Release|Any CPU
		{943ADCFB-4116-4B87-9436-57C10419E985}.Release|Any CPU.Build.0 = Release|Any CPU
		{B4393297-F68F-41FC-94CE-B48E7A86066C}.Debug|Any CPU.ActiveCfg = Debug|Any CPU
		{B4393297-F68F-41FC-94CE-B48E7A86066C}.Debug|Any CPU.Build.0 = Debug|Any CPU
		{B4393297-F68F-41FC-94CE-B48E7A86066C}.Release|Any CPU.ActiveCfg = Release|Any CPU
		{B4393297-F68F-41FC-94CE-B48E7A86066C}.Release|Any CPU.Build.0 = Release|Any CPU
		{C4AC1115-AB25-4515-A2A7-F91D31D925EA}.Debug|Any CPU.ActiveCfg = Debug|Any CPU
		{C4AC1115-AB25-4515-A2A7-F91D31D925EA}.Debug|Any CPU.Build.0 = Debug|Any CPU
		{C4AC1115-AB25-4515-A2A7-F91D31D925EA}.Release|Any CPU.ActiveCfg = Release|Any CPU
		{C4AC1115-AB25-4515-A2A7-F91D31D925EA}.Release|Any CPU.Build.0 = Release|Any CPU
		{B826B35B-CD76-4B24-9EF7-85D4BE5DC3A7}.Debug|Any CPU.ActiveCfg = Debug|Any CPU
		{B826B35B-CD76-4B24-9EF7-85D4BE5DC3A7}.Debug|Any CPU.Build.0 = Debug|Any CPU
		{B826B35B-CD76-4B24-9EF7-85D4BE5DC3A7}.Release|Any CPU.ActiveCfg = Release|Any CPU
		{B826B35B-CD76-4B24-9EF7-85D4BE5DC3A7}.Release|Any CPU.Build.0 = Release|Any CPU
		{17562EA7-05E0-44F6-95B1-5A9A32F45996}.Debug|Any CPU.ActiveCfg = Debug|Any CPU
		{17562EA7-05E0-44F6-95B1-5A9A32F45996}.Debug|Any CPU.Build.0 = Debug|Any CPU
		{17562EA7-05E0-44F6-95B1-5A9A32F45996}.Release|Any CPU.ActiveCfg = Release|Any CPU
		{17562EA7-05E0-44F6-95B1-5A9A32F45996}.Release|Any CPU.Build.0 = Release|Any CPU
		{D263A415-517F-44BF-BC98-D654C7203F1A}.Debug|Any CPU.ActiveCfg = Debug|Any CPU
		{D263A415-517F-44BF-BC98-D654C7203F1A}.Debug|Any CPU.Build.0 = Debug|Any CPU
		{D263A415-517F-44BF-BC98-D654C7203F1A}.Release|Any CPU.ActiveCfg = Release|Any CPU
		{D263A415-517F-44BF-BC98-D654C7203F1A}.Release|Any CPU.Build.0 = Release|Any CPU
		{EE0618A2-9405-4D82-9590-8819828A3A54}.Debug|Any CPU.ActiveCfg = Debug|Any CPU
		{EE0618A2-9405-4D82-9590-8819828A3A54}.Debug|Any CPU.Build.0 = Debug|Any CPU
		{EE0618A2-9405-4D82-9590-8819828A3A54}.Release|Any CPU.ActiveCfg = Release|Any CPU
		{EE0618A2-9405-4D82-9590-8819828A3A54}.Release|Any CPU.Build.0 = Release|Any CPU
		{5F943F3E-9A00-46EC-A95F-F644C1AF8357}.Debug|Any CPU.ActiveCfg = Debug|Any CPU
		{5F943F3E-9A00-46EC-A95F-F644C1AF8357}.Debug|Any CPU.Build.0 = Debug|Any CPU
		{5F943F3E-9A00-46EC-A95F-F644C1AF8357}.Release|Any CPU.ActiveCfg = Release|Any CPU
		{5F943F3E-9A00-46EC-A95F-F644C1AF8357}.Release|Any CPU.Build.0 = Release|Any CPU
		{E1063137-EC2E-4C29-82F4-8BD7857EBBEC}.Debug|Any CPU.ActiveCfg = Debug|Any CPU
		{E1063137-EC2E-4C29-82F4-8BD7857EBBEC}.Debug|Any CPU.Build.0 = Debug|Any CPU
		{E1063137-EC2E-4C29-82F4-8BD7857EBBEC}.Release|Any CPU.ActiveCfg = Release|Any CPU
		{E1063137-EC2E-4C29-82F4-8BD7857EBBEC}.Release|Any CPU.Build.0 = Release|Any CPU
		{E5CF9484-CCDF-4ABF-8B16-1577BDF602C9}.Debug|Any CPU.ActiveCfg = Debug|Any CPU
		{E5CF9484-CCDF-4ABF-8B16-1577BDF602C9}.Debug|Any CPU.Build.0 = Debug|Any CPU
		{E5CF9484-CCDF-4ABF-8B16-1577BDF602C9}.Release|Any CPU.ActiveCfg = Release|Any CPU
		{E5CF9484-CCDF-4ABF-8B16-1577BDF602C9}.Release|Any CPU.Build.0 = Release|Any CPU
		{57F56B8D-7B01-4324-8E5F-82207C8D9C83}.Debug|Any CPU.ActiveCfg = Debug|Any CPU
		{57F56B8D-7B01-4324-8E5F-82207C8D9C83}.Debug|Any CPU.Build.0 = Debug|Any CPU
		{57F56B8D-7B01-4324-8E5F-82207C8D9C83}.Release|Any CPU.ActiveCfg = Release|Any CPU
		{57F56B8D-7B01-4324-8E5F-82207C8D9C83}.Release|Any CPU.Build.0 = Release|Any CPU
		{1149E362-A234-46D3-A02C-81C965265337}.Debug|Any CPU.ActiveCfg = Debug|Any CPU
		{1149E362-A234-46D3-A02C-81C965265337}.Debug|Any CPU.Build.0 = Debug|Any CPU
		{1149E362-A234-46D3-A02C-81C965265337}.Release|Any CPU.ActiveCfg = Release|Any CPU
		{1149E362-A234-46D3-A02C-81C965265337}.Release|Any CPU.Build.0 = Release|Any CPU
		{BDED659A-C1C2-41AC-BF0A-8D57387B5072}.Debug|Any CPU.ActiveCfg = Debug|Any CPU
		{BDED659A-C1C2-41AC-BF0A-8D57387B5072}.Debug|Any CPU.Build.0 = Debug|Any CPU
		{BDED659A-C1C2-41AC-BF0A-8D57387B5072}.Release|Any CPU.ActiveCfg = Release|Any CPU
		{BDED659A-C1C2-41AC-BF0A-8D57387B5072}.Release|Any CPU.Build.0 = Release|Any CPU
		{5C538CCE-F403-46CA-9E6B-AC7F9469E7C8}.Debug|Any CPU.ActiveCfg = Debug|Any CPU
		{5C538CCE-F403-46CA-9E6B-AC7F9469E7C8}.Debug|Any CPU.Build.0 = Debug|Any CPU
		{5C538CCE-F403-46CA-9E6B-AC7F9469E7C8}.Release|Any CPU.ActiveCfg = Release|Any CPU
		{5C538CCE-F403-46CA-9E6B-AC7F9469E7C8}.Release|Any CPU.Build.0 = Release|Any CPU
		{7E417A1E-3EBC-4885-AC6E-664A81C174F8}.Debug|Any CPU.ActiveCfg = Debug|Any CPU
		{7E417A1E-3EBC-4885-AC6E-664A81C174F8}.Debug|Any CPU.Build.0 = Debug|Any CPU
		{7E417A1E-3EBC-4885-AC6E-664A81C174F8}.Release|Any CPU.ActiveCfg = Release|Any CPU
		{7E417A1E-3EBC-4885-AC6E-664A81C174F8}.Release|Any CPU.Build.0 = Release|Any CPU
		{6039DFF2-2490-4668-BAE1-567105C6D71A}.Debug|Any CPU.ActiveCfg = Debug|Any CPU
		{6039DFF2-2490-4668-BAE1-567105C6D71A}.Debug|Any CPU.Build.0 = Debug|Any CPU
		{6039DFF2-2490-4668-BAE1-567105C6D71A}.Release|Any CPU.ActiveCfg = Release|Any CPU
		{6039DFF2-2490-4668-BAE1-567105C6D71A}.Release|Any CPU.Build.0 = Release|Any CPU
		{44426AD0-E86E-4776-B356-965EB76E6350}.Debug|Any CPU.ActiveCfg = Debug|Any CPU
		{44426AD0-E86E-4776-B356-965EB76E6350}.Debug|Any CPU.Build.0 = Debug|Any CPU
		{44426AD0-E86E-4776-B356-965EB76E6350}.Release|Any CPU.ActiveCfg = Release|Any CPU
		{44426AD0-E86E-4776-B356-965EB76E6350}.Release|Any CPU.Build.0 = Release|Any CPU
		{E014AB65-4660-4DEA-9B97-E2C5A5EF6C18}.Debug|Any CPU.ActiveCfg = Debug|Any CPU
		{E014AB65-4660-4DEA-9B97-E2C5A5EF6C18}.Debug|Any CPU.Build.0 = Debug|Any CPU
		{E014AB65-4660-4DEA-9B97-E2C5A5EF6C18}.Release|Any CPU.ActiveCfg = Release|Any CPU
		{E014AB65-4660-4DEA-9B97-E2C5A5EF6C18}.Release|Any CPU.Build.0 = Release|Any CPU
		{F4218479-205A-44B1-9E5C-2FC4BA7C4A0E}.Debug|Any CPU.ActiveCfg = Debug|Any CPU
		{F4218479-205A-44B1-9E5C-2FC4BA7C4A0E}.Debug|Any CPU.Build.0 = Debug|Any CPU
		{F4218479-205A-44B1-9E5C-2FC4BA7C4A0E}.Release|Any CPU.ActiveCfg = Release|Any CPU
		{F4218479-205A-44B1-9E5C-2FC4BA7C4A0E}.Release|Any CPU.Build.0 = Release|Any CPU
		{6C23ADD5-305E-40DB-A787-DB2CA24B7E87}.Debug|Any CPU.ActiveCfg = Debug|Any CPU
		{6C23ADD5-305E-40DB-A787-DB2CA24B7E87}.Debug|Any CPU.Build.0 = Debug|Any CPU
		{6C23ADD5-305E-40DB-A787-DB2CA24B7E87}.Release|Any CPU.ActiveCfg = Release|Any CPU
		{6C23ADD5-305E-40DB-A787-DB2CA24B7E87}.Release|Any CPU.Build.0 = Release|Any CPU
		{AABC32EE-BA88-4DBC-B5BD-50A597D1F9F2}.Debug|Any CPU.ActiveCfg = Debug|Any CPU
		{AABC32EE-BA88-4DBC-B5BD-50A597D1F9F2}.Debug|Any CPU.Build.0 = Debug|Any CPU
		{AABC32EE-BA88-4DBC-B5BD-50A597D1F9F2}.Release|Any CPU.ActiveCfg = Release|Any CPU
		{AABC32EE-BA88-4DBC-B5BD-50A597D1F9F2}.Release|Any CPU.Build.0 = Release|Any CPU
		{ECA35A7C-7151-446F-A10F-BAAA8EF2C2E7}.Debug|Any CPU.ActiveCfg = Debug|Any CPU
		{ECA35A7C-7151-446F-A10F-BAAA8EF2C2E7}.Debug|Any CPU.Build.0 = Debug|Any CPU
		{ECA35A7C-7151-446F-A10F-BAAA8EF2C2E7}.Release|Any CPU.ActiveCfg = Release|Any CPU
		{ECA35A7C-7151-446F-A10F-BAAA8EF2C2E7}.Release|Any CPU.Build.0 = Release|Any CPU
		{9225B0EE-0DB7-454D-814C-078D69E5AD0A}.Debug|Any CPU.ActiveCfg = Debug|Any CPU
		{9225B0EE-0DB7-454D-814C-078D69E5AD0A}.Debug|Any CPU.Build.0 = Debug|Any CPU
		{9225B0EE-0DB7-454D-814C-078D69E5AD0A}.Release|Any CPU.ActiveCfg = Release|Any CPU
		{9225B0EE-0DB7-454D-814C-078D69E5AD0A}.Release|Any CPU.Build.0 = Release|Any CPU
		{B1D1AF40-0B14-47E2-9863-5461FD58B73C}.Debug|Any CPU.ActiveCfg = Debug|Any CPU
		{B1D1AF40-0B14-47E2-9863-5461FD58B73C}.Debug|Any CPU.Build.0 = Debug|Any CPU
		{B1D1AF40-0B14-47E2-9863-5461FD58B73C}.Release|Any CPU.ActiveCfg = Release|Any CPU
		{B1D1AF40-0B14-47E2-9863-5461FD58B73C}.Release|Any CPU.Build.0 = Release|Any CPU
		{D5145BA1-E1C5-4C02-88F2-BD4A7B1588DA}.Debug|Any CPU.ActiveCfg = Debug|Any CPU
		{D5145BA1-E1C5-4C02-88F2-BD4A7B1588DA}.Debug|Any CPU.Build.0 = Debug|Any CPU
		{D5145BA1-E1C5-4C02-88F2-BD4A7B1588DA}.Release|Any CPU.ActiveCfg = Release|Any CPU
		{D5145BA1-E1C5-4C02-88F2-BD4A7B1588DA}.Release|Any CPU.Build.0 = Release|Any CPU
		{196FB077-576D-4D7A-ADD0-D03935D06F98}.Debug|Any CPU.ActiveCfg = Debug|Any CPU
		{196FB077-576D-4D7A-ADD0-D03935D06F98}.Debug|Any CPU.Build.0 = Debug|Any CPU
		{196FB077-576D-4D7A-ADD0-D03935D06F98}.Release|Any CPU.ActiveCfg = Release|Any CPU
		{196FB077-576D-4D7A-ADD0-D03935D06F98}.Release|Any CPU.Build.0 = Release|Any CPU
		{D859D648-C24C-408E-A413-28D0D7728EA0}.Debug|Any CPU.ActiveCfg = Debug|Any CPU
		{D859D648-C24C-408E-A413-28D0D7728EA0}.Debug|Any CPU.Build.0 = Debug|Any CPU
		{D859D648-C24C-408E-A413-28D0D7728EA0}.Release|Any CPU.ActiveCfg = Release|Any CPU
		{D859D648-C24C-408E-A413-28D0D7728EA0}.Release|Any CPU.Build.0 = Release|Any CPU
		{54D4BF29-5B48-4B86-99DA-11864423C1CA}.Debug|Any CPU.ActiveCfg = Debug|Any CPU
		{54D4BF29-5B48-4B86-99DA-11864423C1CA}.Debug|Any CPU.Build.0 = Debug|Any CPU
		{54D4BF29-5B48-4B86-99DA-11864423C1CA}.Release|Any CPU.ActiveCfg = Release|Any CPU
		{54D4BF29-5B48-4B86-99DA-11864423C1CA}.Release|Any CPU.Build.0 = Release|Any CPU
		{CDF45C18-30D4-49F3-9C2B-09B95E299F82}.Debug|Any CPU.ActiveCfg = Debug|Any CPU
		{CDF45C18-30D4-49F3-9C2B-09B95E299F82}.Debug|Any CPU.Build.0 = Debug|Any CPU
		{CDF45C18-30D4-49F3-9C2B-09B95E299F82}.Release|Any CPU.ActiveCfg = Release|Any CPU
		{CDF45C18-30D4-49F3-9C2B-09B95E299F82}.Release|Any CPU.Build.0 = Release|Any CPU
		{F7ED1AC1-3133-48F5-9CE5-7724F8E4E3AC}.Debug|Any CPU.ActiveCfg = Debug|Any CPU
		{F7ED1AC1-3133-48F5-9CE5-7724F8E4E3AC}.Debug|Any CPU.Build.0 = Debug|Any CPU
		{F7ED1AC1-3133-48F5-9CE5-7724F8E4E3AC}.Release|Any CPU.ActiveCfg = Release|Any CPU
		{F7ED1AC1-3133-48F5-9CE5-7724F8E4E3AC}.Release|Any CPU.Build.0 = Release|Any CPU
		{3B99EB3D-96A4-4A3D-BCAD-FA9C53A006F0}.Debug|Any CPU.ActiveCfg = Debug|Any CPU
		{3B99EB3D-96A4-4A3D-BCAD-FA9C53A006F0}.Debug|Any CPU.Build.0 = Debug|Any CPU
		{3B99EB3D-96A4-4A3D-BCAD-FA9C53A006F0}.Release|Any CPU.ActiveCfg = Release|Any CPU
		{3B99EB3D-96A4-4A3D-BCAD-FA9C53A006F0}.Release|Any CPU.Build.0 = Release|Any CPU
		{738AED4A-C5E9-4D3C-BF00-5027508A7B09}.Debug|Any CPU.ActiveCfg = Debug|Any CPU
		{738AED4A-C5E9-4D3C-BF00-5027508A7B09}.Debug|Any CPU.Build.0 = Debug|Any CPU
		{738AED4A-C5E9-4D3C-BF00-5027508A7B09}.Release|Any CPU.ActiveCfg = Release|Any CPU
		{738AED4A-C5E9-4D3C-BF00-5027508A7B09}.Release|Any CPU.Build.0 = Release|Any CPU
		{FDE4EA3F-1DA7-40F6-AE83-ABF4C5AD80A2}.Debug|Any CPU.ActiveCfg = Debug|Any CPU
		{FDE4EA3F-1DA7-40F6-AE83-ABF4C5AD80A2}.Debug|Any CPU.Build.0 = Debug|Any CPU
		{FDE4EA3F-1DA7-40F6-AE83-ABF4C5AD80A2}.Release|Any CPU.ActiveCfg = Release|Any CPU
		{FDE4EA3F-1DA7-40F6-AE83-ABF4C5AD80A2}.Release|Any CPU.Build.0 = Release|Any CPU
		{1AED8BC7-A011-4B0E-953A-38042C508F6E}.Debug|Any CPU.ActiveCfg = Debug|Any CPU
		{1AED8BC7-A011-4B0E-953A-38042C508F6E}.Debug|Any CPU.Build.0 = Debug|Any CPU
		{1AED8BC7-A011-4B0E-953A-38042C508F6E}.Release|Any CPU.ActiveCfg = Release|Any CPU
		{1AED8BC7-A011-4B0E-953A-38042C508F6E}.Release|Any CPU.Build.0 = Release|Any CPU
		{38B6AA1C-0E9A-4B3A-91ED-3CCFAB19E3FE}.Debug|Any CPU.ActiveCfg = Debug|Any CPU
		{38B6AA1C-0E9A-4B3A-91ED-3CCFAB19E3FE}.Debug|Any CPU.Build.0 = Debug|Any CPU
		{38B6AA1C-0E9A-4B3A-91ED-3CCFAB19E3FE}.Release|Any CPU.ActiveCfg = Release|Any CPU
		{38B6AA1C-0E9A-4B3A-91ED-3CCFAB19E3FE}.Release|Any CPU.Build.0 = Release|Any CPU
		{F30C68B3-05D3-42DA-B31E-96157C3B95AE}.Debug|Any CPU.ActiveCfg = Debug|Any CPU
		{F30C68B3-05D3-42DA-B31E-96157C3B95AE}.Debug|Any CPU.Build.0 = Debug|Any CPU
		{F30C68B3-05D3-42DA-B31E-96157C3B95AE}.Release|Any CPU.ActiveCfg = Release|Any CPU
		{F30C68B3-05D3-42DA-B31E-96157C3B95AE}.Release|Any CPU.Build.0 = Release|Any CPU
		{B41D6F8E-5D51-4423-A6AA-1D7A157644B4}.Debug|Any CPU.ActiveCfg = Debug|Any CPU
		{B41D6F8E-5D51-4423-A6AA-1D7A157644B4}.Debug|Any CPU.Build.0 = Debug|Any CPU
		{B41D6F8E-5D51-4423-A6AA-1D7A157644B4}.Release|Any CPU.ActiveCfg = Release|Any CPU
		{B41D6F8E-5D51-4423-A6AA-1D7A157644B4}.Release|Any CPU.Build.0 = Release|Any CPU
		{979B7BCB-A450-4233-AF8E-4C304BB8A079}.Debug|Any CPU.ActiveCfg = Debug|Any CPU
		{979B7BCB-A450-4233-AF8E-4C304BB8A079}.Debug|Any CPU.Build.0 = Debug|Any CPU
		{979B7BCB-A450-4233-AF8E-4C304BB8A079}.Release|Any CPU.ActiveCfg = Release|Any CPU
		{979B7BCB-A450-4233-AF8E-4C304BB8A079}.Release|Any CPU.Build.0 = Release|Any CPU
		{15BB989E-C3AF-4C96-BC00-7C75C725AE5E}.Debug|Any CPU.ActiveCfg = Debug|Any CPU
		{15BB989E-C3AF-4C96-BC00-7C75C725AE5E}.Debug|Any CPU.Build.0 = Debug|Any CPU
		{15BB989E-C3AF-4C96-BC00-7C75C725AE5E}.Release|Any CPU.ActiveCfg = Release|Any CPU
		{15BB989E-C3AF-4C96-BC00-7C75C725AE5E}.Release|Any CPU.Build.0 = Release|Any CPU
		{117B669F-023A-4943-ABB4-549793C9640D}.Debug|Any CPU.ActiveCfg = Debug|Any CPU
		{117B669F-023A-4943-ABB4-549793C9640D}.Debug|Any CPU.Build.0 = Debug|Any CPU
		{117B669F-023A-4943-ABB4-549793C9640D}.Release|Any CPU.ActiveCfg = Release|Any CPU
		{117B669F-023A-4943-ABB4-549793C9640D}.Release|Any CPU.Build.0 = Release|Any CPU
		{E891721E-C78E-4621-B53B-313A2F858BD5}.Debug|Any CPU.ActiveCfg = Debug|Any CPU
		{E891721E-C78E-4621-B53B-313A2F858BD5}.Debug|Any CPU.Build.0 = Debug|Any CPU
		{E891721E-C78E-4621-B53B-313A2F858BD5}.Release|Any CPU.ActiveCfg = Release|Any CPU
		{E891721E-C78E-4621-B53B-313A2F858BD5}.Release|Any CPU.Build.0 = Release|Any CPU
		{290D9BC3-C19B-4B2F-8FC2-EF2D18C74580}.Debug|Any CPU.ActiveCfg = Debug|Any CPU
		{290D9BC3-C19B-4B2F-8FC2-EF2D18C74580}.Debug|Any CPU.Build.0 = Debug|Any CPU
		{290D9BC3-C19B-4B2F-8FC2-EF2D18C74580}.Release|Any CPU.ActiveCfg = Release|Any CPU
		{290D9BC3-C19B-4B2F-8FC2-EF2D18C74580}.Release|Any CPU.Build.0 = Release|Any CPU
		{0F0EC624-6083-415A-9CC2-261F25D36691}.Debug|Any CPU.ActiveCfg = Debug|Any CPU
		{0F0EC624-6083-415A-9CC2-261F25D36691}.Debug|Any CPU.Build.0 = Debug|Any CPU
		{0F0EC624-6083-415A-9CC2-261F25D36691}.Release|Any CPU.ActiveCfg = Release|Any CPU
		{0F0EC624-6083-415A-9CC2-261F25D36691}.Release|Any CPU.Build.0 = Release|Any CPU
		{EA5C591E-F23A-40B7-935C-54596883F16C}.Debug|Any CPU.ActiveCfg = Debug|Any CPU
		{EA5C591E-F23A-40B7-935C-54596883F16C}.Debug|Any CPU.Build.0 = Debug|Any CPU
		{EA5C591E-F23A-40B7-935C-54596883F16C}.Release|Any CPU.ActiveCfg = Release|Any CPU
		{EA5C591E-F23A-40B7-935C-54596883F16C}.Release|Any CPU.Build.0 = Release|Any CPU
		{D7E981E5-B604-4D3E-B6B5-74D91CC24A2E}.Debug|Any CPU.ActiveCfg = Debug|Any CPU
		{D7E981E5-B604-4D3E-B6B5-74D91CC24A2E}.Debug|Any CPU.Build.0 = Debug|Any CPU
		{D7E981E5-B604-4D3E-B6B5-74D91CC24A2E}.Release|Any CPU.ActiveCfg = Release|Any CPU
		{D7E981E5-B604-4D3E-B6B5-74D91CC24A2E}.Release|Any CPU.Build.0 = Release|Any CPU
		{B2A95F58-7C9E-49F8-99FD-173473596C1A}.Debug|Any CPU.ActiveCfg = Debug|Any CPU
		{B2A95F58-7C9E-49F8-99FD-173473596C1A}.Debug|Any CPU.Build.0 = Debug|Any CPU
		{B2A95F58-7C9E-49F8-99FD-173473596C1A}.Release|Any CPU.ActiveCfg = Release|Any CPU
		{B2A95F58-7C9E-49F8-99FD-173473596C1A}.Release|Any CPU.Build.0 = Release|Any CPU
		{C3B5937D-D263-430C-92FD-22663C81B295}.Debug|Any CPU.ActiveCfg = Debug|Any CPU
		{C3B5937D-D263-430C-92FD-22663C81B295}.Debug|Any CPU.Build.0 = Debug|Any CPU
		{C3B5937D-D263-430C-92FD-22663C81B295}.Release|Any CPU.ActiveCfg = Release|Any CPU
		{C3B5937D-D263-430C-92FD-22663C81B295}.Release|Any CPU.Build.0 = Release|Any CPU
	EndGlobalSection
	GlobalSection(SolutionProperties) = preSolution
		HideSolutionNode = FALSE
	EndGlobalSection
	GlobalSection(ExtensibilityGlobals) = postSolution
		SolutionGuid = {2322D37B-4747-41A4-9938-DC5A27C6178F}
	EndGlobalSection
EndGlobal
