
Microsoft Visual Studio Solution File, Format Version 12.00
# Visual Studio Version 17
VisualStudioVersion = 17.2.32630.192
MinimumVisualStudioVersion = 10.0.40219.1
Project("{9A19103F-16F7-4668-BE54-9A1E7A4F7556}") = "R5T.S0051", "R5T.S0051\R5T.S0051.csproj", "{6AE67A4F-01AB-427C-AF10-EDF051ED4061}"
EndProject
Project("{2150E333-8FDC-42A3-9474-1A3956D46DE8}") = "_Dependencies", "_Dependencies", "{84098A3E-5F7B-4AF9-B9D8-D991DBC46007}"
EndProject
Project("{9A19103F-16F7-4668-BE54-9A1E7A4F7556}") = "R5T.F0002", "..\..\R5T.F0002\source\R5T.F0002\R5T.F0002.csproj", "{4028B4F4-A83A-4008-B2F6-56BE6DC973D2}"
EndProject
Project("{9A19103F-16F7-4668-BE54-9A1E7A4F7556}") = "R5T.F0000", "..\..\R5T.F0000\source\R5T.F0000\R5T.F0000.csproj", "{EAF7D8C3-E4F3-40FC-94B5-CD2032F4DD13}"
EndProject
Project("{9A19103F-16F7-4668-BE54-9A1E7A4F7556}") = "R5T.T0131", "..\..\R5T.T0131\source\R5T.T0131\R5T.T0131.csproj", "{E35DAF79-DCFB-483E-BBBC-D70832091014}"
EndProject
Project("{9A19103F-16F7-4668-BE54-9A1E7A4F7556}") = "R5T.T0132", "..\..\R5T.T0132\source\R5T.T0132\R5T.T0132.csproj", "{B1004CF9-ECE2-4492-B5C8-2EF7734B9798}"
EndProject
Project("{9A19103F-16F7-4668-BE54-9A1E7A4F7556}") = "R5T.T0142", "..\..\R5T.T0142\source\R5T.T0142\R5T.T0142.csproj", "{A5AC53B4-FE10-4A3D-83DE-1E510D013443}"
EndProject
Project("{9A19103F-16F7-4668-BE54-9A1E7A4F7556}") = "R5T.T0143", "..\..\R5T.T0143\source\R5T.T0143\R5T.T0143.csproj", "{FA580413-B190-4000-9AA1-780D8D0619FF}"
EndProject
Project("{9A19103F-16F7-4668-BE54-9A1E7A4F7556}") = "R5T.Y0000", "..\..\R5T.Y0000\source\R5T.Y0000\R5T.Y0000.csproj", "{ADB1322C-6C2B-47E9-BDF6-5FB2F1D1D070}"
EndProject
Project("{9A19103F-16F7-4668-BE54-9A1E7A4F7556}") = "R5T.Z0000", "..\..\R5T.Z0000\source\R5T.Z0000\R5T.Z0000.csproj", "{9E0BD4F5-0DA2-4C9C-8B87-333308CB5DC8}"
EndProject
Project("{9A19103F-16F7-4668-BE54-9A1E7A4F7556}") = "R5T.F0020", "..\..\R5T.F0020\source\R5T.F0020\R5T.F0020.csproj", "{1BEF4C7E-C707-4601-8B77-E115420FDE9E}"
EndProject
Project("{9A19103F-16F7-4668-BE54-9A1E7A4F7556}") = "R5T.F0052", "..\..\R5T.F0052\source\R5T.F0052\R5T.F0052.csproj", "{1A682FC7-8260-40F8-BEF8-CD289E144137}"
EndProject
Project("{9A19103F-16F7-4668-BE54-9A1E7A4F7556}") = "R5T.F0034", "..\..\R5T.F0034\source\R5T.F0034\R5T.F0034.csproj", "{AC6B9E99-BFC8-467E-BFAE-E67931810F7F}"
EndProject
Project("{9A19103F-16F7-4668-BE54-9A1E7A4F7556}") = "R5T.F0081", "..\..\R5T.F0081\source\R5T.F0081\R5T.F0081.csproj", "{32A682DA-9209-44AF-9FAF-0C1F384647D9}"
EndProject
Project("{9A19103F-16F7-4668-BE54-9A1E7A4F7556}") = "R5T.F0033", "..\..\R5T.F0033\source\R5T.F0033\R5T.F0033.csproj", "{18C0CDF2-FA25-4E20-A46F-EA3D5BDDAD92}"
EndProject
Project("{9A19103F-16F7-4668-BE54-9A1E7A4F7556}") = "R5T.F0051", "..\..\R5T.F0051\source\R5T.F0051\R5T.F0051.csproj", "{A4F3D60A-8FBB-43DD-94FC-98C1E4F1B6E8}"
EndProject
Project("{9A19103F-16F7-4668-BE54-9A1E7A4F7556}") = "R5T.F0040.F000", "..\..\R5T.F0040\source\R5T.F0040.F000\R5T.F0040.F000.csproj", "{0ACE61E4-E1C3-4B26-8701-2885B8234F17}"
EndProject
Project("{9A19103F-16F7-4668-BE54-9A1E7A4F7556}") = "R5T.F0053", "..\..\R5T.F0053\source\R5T.F0053\R5T.F0053.csproj", "{C0CFA8FD-1408-481D-8046-50A45DCCE296}"
EndProject
Project("{9A19103F-16F7-4668-BE54-9A1E7A4F7556}") = "R5T.F0054", "..\..\R5T.F0054\source\R5T.F0054\R5T.F0054.csproj", "{03A80599-A794-464A-AC83-0179C7BBC02D}"
EndProject
Project("{9A19103F-16F7-4668-BE54-9A1E7A4F7556}") = "R5T.NG0006", "..\..\R5T.NG0006\source\R5T.NG0006\R5T.NG0006.csproj", "{F7DCCC71-06E4-44DA-B076-32AF3197CEA6}"
EndProject
Project("{9A19103F-16F7-4668-BE54-9A1E7A4F7556}") = "R5T.F0083", "..\..\R5T.F0083\source\R5T.F0083\R5T.F0083.csproj", "{AB41722A-8EDC-4947-8D02-D39479FA67C2}"
EndProject
Project("{9A19103F-16F7-4668-BE54-9A1E7A4F7556}") = "R5T.Z0018", "..\..\R5T.Z0018.Private\source\R5T.Z0018\R5T.Z0018.csproj", "{DAF80315-F4CA-448E-BF4A-650350858DFC}"
EndProject
Project("{9A19103F-16F7-4668-BE54-9A1E7A4F7556}") = "R5T.F0079", "..\..\R5T.F0079\source\R5T.F0079\R5T.F0079.csproj", "{4BE98485-8A0E-4A04-B8D5-554199369ED8}"
EndProject
Project("{9A19103F-16F7-4668-BE54-9A1E7A4F7556}") = "R5T.F0083.R001", "..\..\R5T.F0083\source\R5T.F0083.R001\R5T.F0083.R001.csproj", "{31C9BA0F-87BC-43AD-9C61-A3F55CCD3F5E}"
EndProject
Project("{9A19103F-16F7-4668-BE54-9A1E7A4F7556}") = "R5T.NG0009", "..\..\R5T.NG0009\source\R5T.NG0009\R5T.NG0009.csproj", "{99334435-E8CF-47BF-BCFB-DF2078D4D545}"
EndProject
Project("{9A19103F-16F7-4668-BE54-9A1E7A4F7556}") = "R5T.F0056", "..\..\R5T.F0056\source\R5T.F0056\R5T.F0056.csproj", "{F29364FB-16D9-4997-B20E-578946316B10}"
EndProject
Project("{9A19103F-16F7-4668-BE54-9A1E7A4F7556}") = "R5T.F0084", "..\..\R5T.F0084\source\R5T.F0084\R5T.F0084.csproj", "{55E9C99F-7F57-4E93-B9CB-11A4C1F94600}"
EndProject
Project("{9A19103F-16F7-4668-BE54-9A1E7A4F7556}") = "R5T.T0152", "..\..\R5T.T0152\source\R5T.T0152\R5T.T0152.csproj", "{F4FCA788-5D99-4741-90F7-0CF6283F2F0A}"
EndProject
Project("{9A19103F-16F7-4668-BE54-9A1E7A4F7556}") = "R5T.Z0020", "..\..\R5T.Z0020\source\R5T.Z0020\R5T.Z0020.csproj", "{70146006-CBC0-4F20-8EA6-0A14D2B2E515}"
EndProject
Project("{9A19103F-16F7-4668-BE54-9A1E7A4F7556}") = "R5T.F0086", "..\..\R5T.F0086\source\R5T.F0086\R5T.F0086.csproj", "{4E15FB7F-72B6-441A-8EA7-05EF8B0A9897}"
EndProject
Global
	GlobalSection(SolutionConfigurationPlatforms) = preSolution
		Debug|Any CPU = Debug|Any CPU
		Release|Any CPU = Release|Any CPU
	EndGlobalSection
	GlobalSection(ProjectConfigurationPlatforms) = postSolution
		{6AE67A4F-01AB-427C-AF10-EDF051ED4061}.Debug|Any CPU.ActiveCfg = Debug|Any CPU
		{6AE67A4F-01AB-427C-AF10-EDF051ED4061}.Debug|Any CPU.Build.0 = Debug|Any CPU
		{6AE67A4F-01AB-427C-AF10-EDF051ED4061}.Release|Any CPU.ActiveCfg = Release|Any CPU
		{6AE67A4F-01AB-427C-AF10-EDF051ED4061}.Release|Any CPU.Build.0 = Release|Any CPU
		{4028B4F4-A83A-4008-B2F6-56BE6DC973D2}.Debug|Any CPU.ActiveCfg = Debug|Any CPU
		{4028B4F4-A83A-4008-B2F6-56BE6DC973D2}.Debug|Any CPU.Build.0 = Debug|Any CPU
		{4028B4F4-A83A-4008-B2F6-56BE6DC973D2}.Release|Any CPU.ActiveCfg = Release|Any CPU
		{4028B4F4-A83A-4008-B2F6-56BE6DC973D2}.Release|Any CPU.Build.0 = Release|Any CPU
		{EAF7D8C3-E4F3-40FC-94B5-CD2032F4DD13}.Debug|Any CPU.ActiveCfg = Debug|Any CPU
		{EAF7D8C3-E4F3-40FC-94B5-CD2032F4DD13}.Debug|Any CPU.Build.0 = Debug|Any CPU
		{EAF7D8C3-E4F3-40FC-94B5-CD2032F4DD13}.Release|Any CPU.ActiveCfg = Release|Any CPU
		{EAF7D8C3-E4F3-40FC-94B5-CD2032F4DD13}.Release|Any CPU.Build.0 = Release|Any CPU
		{E35DAF79-DCFB-483E-BBBC-D70832091014}.Debug|Any CPU.ActiveCfg = Debug|Any CPU
		{E35DAF79-DCFB-483E-BBBC-D70832091014}.Debug|Any CPU.Build.0 = Debug|Any CPU
		{E35DAF79-DCFB-483E-BBBC-D70832091014}.Release|Any CPU.ActiveCfg = Release|Any CPU
		{E35DAF79-DCFB-483E-BBBC-D70832091014}.Release|Any CPU.Build.0 = Release|Any CPU
		{B1004CF9-ECE2-4492-B5C8-2EF7734B9798}.Debug|Any CPU.ActiveCfg = Debug|Any CPU
		{B1004CF9-ECE2-4492-B5C8-2EF7734B9798}.Debug|Any CPU.Build.0 = Debug|Any CPU
		{B1004CF9-ECE2-4492-B5C8-2EF7734B9798}.Release|Any CPU.ActiveCfg = Release|Any CPU
		{B1004CF9-ECE2-4492-B5C8-2EF7734B9798}.Release|Any CPU.Build.0 = Release|Any CPU
		{A5AC53B4-FE10-4A3D-83DE-1E510D013443}.Debug|Any CPU.ActiveCfg = Debug|Any CPU
		{A5AC53B4-FE10-4A3D-83DE-1E510D013443}.Debug|Any CPU.Build.0 = Debug|Any CPU
		{A5AC53B4-FE10-4A3D-83DE-1E510D013443}.Release|Any CPU.ActiveCfg = Release|Any CPU
		{A5AC53B4-FE10-4A3D-83DE-1E510D013443}.Release|Any CPU.Build.0 = Release|Any CPU
		{FA580413-B190-4000-9AA1-780D8D0619FF}.Debug|Any CPU.ActiveCfg = Debug|Any CPU
		{FA580413-B190-4000-9AA1-780D8D0619FF}.Debug|Any CPU.Build.0 = Debug|Any CPU
		{FA580413-B190-4000-9AA1-780D8D0619FF}.Release|Any CPU.ActiveCfg = Release|Any CPU
		{FA580413-B190-4000-9AA1-780D8D0619FF}.Release|Any CPU.Build.0 = Release|Any CPU
		{ADB1322C-6C2B-47E9-BDF6-5FB2F1D1D070}.Debug|Any CPU.ActiveCfg = Debug|Any CPU
		{ADB1322C-6C2B-47E9-BDF6-5FB2F1D1D070}.Debug|Any CPU.Build.0 = Debug|Any CPU
		{ADB1322C-6C2B-47E9-BDF6-5FB2F1D1D070}.Release|Any CPU.ActiveCfg = Release|Any CPU
		{ADB1322C-6C2B-47E9-BDF6-5FB2F1D1D070}.Release|Any CPU.Build.0 = Release|Any CPU
		{9E0BD4F5-0DA2-4C9C-8B87-333308CB5DC8}.Debug|Any CPU.ActiveCfg = Debug|Any CPU
		{9E0BD4F5-0DA2-4C9C-8B87-333308CB5DC8}.Debug|Any CPU.Build.0 = Debug|Any CPU
		{9E0BD4F5-0DA2-4C9C-8B87-333308CB5DC8}.Release|Any CPU.ActiveCfg = Release|Any CPU
		{9E0BD4F5-0DA2-4C9C-8B87-333308CB5DC8}.Release|Any CPU.Build.0 = Release|Any CPU
		{1BEF4C7E-C707-4601-8B77-E115420FDE9E}.Debug|Any CPU.ActiveCfg = Debug|Any CPU
		{1BEF4C7E-C707-4601-8B77-E115420FDE9E}.Debug|Any CPU.Build.0 = Debug|Any CPU
		{1BEF4C7E-C707-4601-8B77-E115420FDE9E}.Release|Any CPU.ActiveCfg = Release|Any CPU
		{1BEF4C7E-C707-4601-8B77-E115420FDE9E}.Release|Any CPU.Build.0 = Release|Any CPU
		{1A682FC7-8260-40F8-BEF8-CD289E144137}.Debug|Any CPU.ActiveCfg = Debug|Any CPU
		{1A682FC7-8260-40F8-BEF8-CD289E144137}.Debug|Any CPU.Build.0 = Debug|Any CPU
		{1A682FC7-8260-40F8-BEF8-CD289E144137}.Release|Any CPU.ActiveCfg = Release|Any CPU
		{1A682FC7-8260-40F8-BEF8-CD289E144137}.Release|Any CPU.Build.0 = Release|Any CPU
		{AC6B9E99-BFC8-467E-BFAE-E67931810F7F}.Debug|Any CPU.ActiveCfg = Debug|Any CPU
		{AC6B9E99-BFC8-467E-BFAE-E67931810F7F}.Debug|Any CPU.Build.0 = Debug|Any CPU
		{AC6B9E99-BFC8-467E-BFAE-E67931810F7F}.Release|Any CPU.ActiveCfg = Release|Any CPU
		{AC6B9E99-BFC8-467E-BFAE-E67931810F7F}.Release|Any CPU.Build.0 = Release|Any CPU
		{32A682DA-9209-44AF-9FAF-0C1F384647D9}.Debug|Any CPU.ActiveCfg = Debug|Any CPU
		{32A682DA-9209-44AF-9FAF-0C1F384647D9}.Debug|Any CPU.Build.0 = Debug|Any CPU
		{32A682DA-9209-44AF-9FAF-0C1F384647D9}.Release|Any CPU.ActiveCfg = Release|Any CPU
		{32A682DA-9209-44AF-9FAF-0C1F384647D9}.Release|Any CPU.Build.0 = Release|Any CPU
		{18C0CDF2-FA25-4E20-A46F-EA3D5BDDAD92}.Debug|Any CPU.ActiveCfg = Debug|Any CPU
		{18C0CDF2-FA25-4E20-A46F-EA3D5BDDAD92}.Debug|Any CPU.Build.0 = Debug|Any CPU
		{18C0CDF2-FA25-4E20-A46F-EA3D5BDDAD92}.Release|Any CPU.ActiveCfg = Release|Any CPU
		{18C0CDF2-FA25-4E20-A46F-EA3D5BDDAD92}.Release|Any CPU.Build.0 = Release|Any CPU
		{A4F3D60A-8FBB-43DD-94FC-98C1E4F1B6E8}.Debug|Any CPU.ActiveCfg = Debug|Any CPU
		{A4F3D60A-8FBB-43DD-94FC-98C1E4F1B6E8}.Debug|Any CPU.Build.0 = Debug|Any CPU
		{A4F3D60A-8FBB-43DD-94FC-98C1E4F1B6E8}.Release|Any CPU.ActiveCfg = Release|Any CPU
		{A4F3D60A-8FBB-43DD-94FC-98C1E4F1B6E8}.Release|Any CPU.Build.0 = Release|Any CPU
		{0ACE61E4-E1C3-4B26-8701-2885B8234F17}.Debug|Any CPU.ActiveCfg = Debug|Any CPU
		{0ACE61E4-E1C3-4B26-8701-2885B8234F17}.Debug|Any CPU.Build.0 = Debug|Any CPU
		{0ACE61E4-E1C3-4B26-8701-2885B8234F17}.Release|Any CPU.ActiveCfg = Release|Any CPU
		{0ACE61E4-E1C3-4B26-8701-2885B8234F17}.Release|Any CPU.Build.0 = Release|Any CPU
		{C0CFA8FD-1408-481D-8046-50A45DCCE296}.Debug|Any CPU.ActiveCfg = Debug|Any CPU
		{C0CFA8FD-1408-481D-8046-50A45DCCE296}.Debug|Any CPU.Build.0 = Debug|Any CPU
		{C0CFA8FD-1408-481D-8046-50A45DCCE296}.Release|Any CPU.ActiveCfg = Release|Any CPU
		{C0CFA8FD-1408-481D-8046-50A45DCCE296}.Release|Any CPU.Build.0 = Release|Any CPU
		{03A80599-A794-464A-AC83-0179C7BBC02D}.Debug|Any CPU.ActiveCfg = Debug|Any CPU
		{03A80599-A794-464A-AC83-0179C7BBC02D}.Debug|Any CPU.Build.0 = Debug|Any CPU
		{03A80599-A794-464A-AC83-0179C7BBC02D}.Release|Any CPU.ActiveCfg = Release|Any CPU
		{03A80599-A794-464A-AC83-0179C7BBC02D}.Release|Any CPU.Build.0 = Release|Any CPU
		{F7DCCC71-06E4-44DA-B076-32AF3197CEA6}.Debug|Any CPU.ActiveCfg = Debug|Any CPU
		{F7DCCC71-06E4-44DA-B076-32AF3197CEA6}.Debug|Any CPU.Build.0 = Debug|Any CPU
		{F7DCCC71-06E4-44DA-B076-32AF3197CEA6}.Release|Any CPU.ActiveCfg = Release|Any CPU
		{F7DCCC71-06E4-44DA-B076-32AF3197CEA6}.Release|Any CPU.Build.0 = Release|Any CPU
		{AB41722A-8EDC-4947-8D02-D39479FA67C2}.Debug|Any CPU.ActiveCfg = Debug|Any CPU
		{AB41722A-8EDC-4947-8D02-D39479FA67C2}.Debug|Any CPU.Build.0 = Debug|Any CPU
		{AB41722A-8EDC-4947-8D02-D39479FA67C2}.Release|Any CPU.ActiveCfg = Release|Any CPU
		{AB41722A-8EDC-4947-8D02-D39479FA67C2}.Release|Any CPU.Build.0 = Release|Any CPU
		{DAF80315-F4CA-448E-BF4A-650350858DFC}.Debug|Any CPU.ActiveCfg = Debug|Any CPU
		{DAF80315-F4CA-448E-BF4A-650350858DFC}.Debug|Any CPU.Build.0 = Debug|Any CPU
		{DAF80315-F4CA-448E-BF4A-650350858DFC}.Release|Any CPU.ActiveCfg = Release|Any CPU
		{DAF80315-F4CA-448E-BF4A-650350858DFC}.Release|Any CPU.Build.0 = Release|Any CPU
		{4BE98485-8A0E-4A04-B8D5-554199369ED8}.Debug|Any CPU.ActiveCfg = Debug|Any CPU
		{4BE98485-8A0E-4A04-B8D5-554199369ED8}.Debug|Any CPU.Build.0 = Debug|Any CPU
		{4BE98485-8A0E-4A04-B8D5-554199369ED8}.Release|Any CPU.ActiveCfg = Release|Any CPU
		{4BE98485-8A0E-4A04-B8D5-554199369ED8}.Release|Any CPU.Build.0 = Release|Any CPU
		{31C9BA0F-87BC-43AD-9C61-A3F55CCD3F5E}.Debug|Any CPU.ActiveCfg = Debug|Any CPU
		{31C9BA0F-87BC-43AD-9C61-A3F55CCD3F5E}.Debug|Any CPU.Build.0 = Debug|Any CPU
		{31C9BA0F-87BC-43AD-9C61-A3F55CCD3F5E}.Release|Any CPU.ActiveCfg = Release|Any CPU
		{31C9BA0F-87BC-43AD-9C61-A3F55CCD3F5E}.Release|Any CPU.Build.0 = Release|Any CPU
		{99334435-E8CF-47BF-BCFB-DF2078D4D545}.Debug|Any CPU.ActiveCfg = Debug|Any CPU
		{99334435-E8CF-47BF-BCFB-DF2078D4D545}.Debug|Any CPU.Build.0 = Debug|Any CPU
		{99334435-E8CF-47BF-BCFB-DF2078D4D545}.Release|Any CPU.ActiveCfg = Release|Any CPU
		{99334435-E8CF-47BF-BCFB-DF2078D4D545}.Release|Any CPU.Build.0 = Release|Any CPU
		{F29364FB-16D9-4997-B20E-578946316B10}.Debug|Any CPU.ActiveCfg = Debug|Any CPU
		{F29364FB-16D9-4997-B20E-578946316B10}.Debug|Any CPU.Build.0 = Debug|Any CPU
		{F29364FB-16D9-4997-B20E-578946316B10}.Release|Any CPU.ActiveCfg = Release|Any CPU
		{F29364FB-16D9-4997-B20E-578946316B10}.Release|Any CPU.Build.0 = Release|Any CPU
		{55E9C99F-7F57-4E93-B9CB-11A4C1F94600}.Debug|Any CPU.ActiveCfg = Debug|Any CPU
		{55E9C99F-7F57-4E93-B9CB-11A4C1F94600}.Debug|Any CPU.Build.0 = Debug|Any CPU
		{55E9C99F-7F57-4E93-B9CB-11A4C1F94600}.Release|Any CPU.ActiveCfg = Release|Any CPU
		{55E9C99F-7F57-4E93-B9CB-11A4C1F94600}.Release|Any CPU.Build.0 = Release|Any CPU
		{F4FCA788-5D99-4741-90F7-0CF6283F2F0A}.Debug|Any CPU.ActiveCfg = Debug|Any CPU
		{F4FCA788-5D99-4741-90F7-0CF6283F2F0A}.Debug|Any CPU.Build.0 = Debug|Any CPU
		{F4FCA788-5D99-4741-90F7-0CF6283F2F0A}.Release|Any CPU.ActiveCfg = Release|Any CPU
		{F4FCA788-5D99-4741-90F7-0CF6283F2F0A}.Release|Any CPU.Build.0 = Release|Any CPU
		{70146006-CBC0-4F20-8EA6-0A14D2B2E515}.Debug|Any CPU.ActiveCfg = Debug|Any CPU
		{70146006-CBC0-4F20-8EA6-0A14D2B2E515}.Debug|Any CPU.Build.0 = Debug|Any CPU
		{70146006-CBC0-4F20-8EA6-0A14D2B2E515}.Release|Any CPU.ActiveCfg = Release|Any CPU
		{70146006-CBC0-4F20-8EA6-0A14D2B2E515}.Release|Any CPU.Build.0 = Release|Any CPU
		{4E15FB7F-72B6-441A-8EA7-05EF8B0A9897}.Debug|Any CPU.ActiveCfg = Debug|Any CPU
		{4E15FB7F-72B6-441A-8EA7-05EF8B0A9897}.Debug|Any CPU.Build.0 = Debug|Any CPU
		{4E15FB7F-72B6-441A-8EA7-05EF8B0A9897}.Release|Any CPU.ActiveCfg = Release|Any CPU
		{4E15FB7F-72B6-441A-8EA7-05EF8B0A9897}.Release|Any CPU.Build.0 = Release|Any CPU
	EndGlobalSection
	GlobalSection(SolutionProperties) = preSolution
		HideSolutionNode = FALSE
	EndGlobalSection
	GlobalSection(NestedProjects) = preSolution
		{4028B4F4-A83A-4008-B2F6-56BE6DC973D2} = {84098A3E-5F7B-4AF9-B9D8-D991DBC46007}
		{EAF7D8C3-E4F3-40FC-94B5-CD2032F4DD13} = {84098A3E-5F7B-4AF9-B9D8-D991DBC46007}
		{E35DAF79-DCFB-483E-BBBC-D70832091014} = {84098A3E-5F7B-4AF9-B9D8-D991DBC46007}
		{B1004CF9-ECE2-4492-B5C8-2EF7734B9798} = {84098A3E-5F7B-4AF9-B9D8-D991DBC46007}
		{A5AC53B4-FE10-4A3D-83DE-1E510D013443} = {84098A3E-5F7B-4AF9-B9D8-D991DBC46007}
		{FA580413-B190-4000-9AA1-780D8D0619FF} = {84098A3E-5F7B-4AF9-B9D8-D991DBC46007}
		{ADB1322C-6C2B-47E9-BDF6-5FB2F1D1D070} = {84098A3E-5F7B-4AF9-B9D8-D991DBC46007}
		{9E0BD4F5-0DA2-4C9C-8B87-333308CB5DC8} = {84098A3E-5F7B-4AF9-B9D8-D991DBC46007}
		{1BEF4C7E-C707-4601-8B77-E115420FDE9E} = {84098A3E-5F7B-4AF9-B9D8-D991DBC46007}
		{1A682FC7-8260-40F8-BEF8-CD289E144137} = {84098A3E-5F7B-4AF9-B9D8-D991DBC46007}
		{AC6B9E99-BFC8-467E-BFAE-E67931810F7F} = {84098A3E-5F7B-4AF9-B9D8-D991DBC46007}
		{32A682DA-9209-44AF-9FAF-0C1F384647D9} = {84098A3E-5F7B-4AF9-B9D8-D991DBC46007}
		{18C0CDF2-FA25-4E20-A46F-EA3D5BDDAD92} = {84098A3E-5F7B-4AF9-B9D8-D991DBC46007}
		{A4F3D60A-8FBB-43DD-94FC-98C1E4F1B6E8} = {84098A3E-5F7B-4AF9-B9D8-D991DBC46007}
		{0ACE61E4-E1C3-4B26-8701-2885B8234F17} = {84098A3E-5F7B-4AF9-B9D8-D991DBC46007}
		{C0CFA8FD-1408-481D-8046-50A45DCCE296} = {84098A3E-5F7B-4AF9-B9D8-D991DBC46007}
		{03A80599-A794-464A-AC83-0179C7BBC02D} = {84098A3E-5F7B-4AF9-B9D8-D991DBC46007}
		{F7DCCC71-06E4-44DA-B076-32AF3197CEA6} = {84098A3E-5F7B-4AF9-B9D8-D991DBC46007}
		{AB41722A-8EDC-4947-8D02-D39479FA67C2} = {84098A3E-5F7B-4AF9-B9D8-D991DBC46007}
		{DAF80315-F4CA-448E-BF4A-650350858DFC} = {84098A3E-5F7B-4AF9-B9D8-D991DBC46007}
		{4BE98485-8A0E-4A04-B8D5-554199369ED8} = {84098A3E-5F7B-4AF9-B9D8-D991DBC46007}
		{31C9BA0F-87BC-43AD-9C61-A3F55CCD3F5E} = {84098A3E-5F7B-4AF9-B9D8-D991DBC46007}
		{99334435-E8CF-47BF-BCFB-DF2078D4D545} = {84098A3E-5F7B-4AF9-B9D8-D991DBC46007}
		{F29364FB-16D9-4997-B20E-578946316B10} = {84098A3E-5F7B-4AF9-B9D8-D991DBC46007}
		{55E9C99F-7F57-4E93-B9CB-11A4C1F94600} = {84098A3E-5F7B-4AF9-B9D8-D991DBC46007}
		{F4FCA788-5D99-4741-90F7-0CF6283F2F0A} = {84098A3E-5F7B-4AF9-B9D8-D991DBC46007}
		{70146006-CBC0-4F20-8EA6-0A14D2B2E515} = {84098A3E-5F7B-4AF9-B9D8-D991DBC46007}
		{4E15FB7F-72B6-441A-8EA7-05EF8B0A9897} = {84098A3E-5F7B-4AF9-B9D8-D991DBC46007}
	EndGlobalSection
	GlobalSection(ExtensibilityGlobals) = postSolution
		SolutionGuid = {2322D37B-4747-41A4-9938-DC5A27C6178F}
	EndGlobalSection
EndGlobal
